// !$*UTF8*$!
{
	archiveVersion = 1;
	classes = {
	};
	objectVersion = 56;
	objects = {

/* Begin PBXBuildFile section */
		0B6510B42B5578020004287A /* XCTestCase+MemoryLeakTrackingHelper.swift in Sources */ = {isa = PBXBuildFile; fileRef = 0B6510B32B5578020004287A /* XCTestCase+MemoryLeakTrackingHelper.swift */; };
		0B6510BE2B56AF930004287A /* EssentialFeedAPIEndToEndTests.swift in Sources */ = {isa = PBXBuildFile; fileRef = 0B6510BD2B56AF930004287A /* EssentialFeedAPIEndToEndTests.swift */; };
		0B6510CC2B56B1B90004287A /* EssentialDeveloper.h in Headers */ = {isa = PBXBuildFile; fileRef = 0B6510CB2B56B1B90004287A /* EssentialDeveloper.h */; settings = {ATTRIBUTES = (Public, ); }; };
		0B6510D02B56B2140004287A /* FeedItem.swift in Sources */ = {isa = PBXBuildFile; fileRef = 0BCA0A312B48260F00CDB46D /* FeedItem.swift */; };
		0B6510D12B56B2170004287A /* FeedLoader.swift in Sources */ = {isa = PBXBuildFile; fileRef = 0BCA0A332B4826BE00CDB46D /* FeedLoader.swift */; };
		0B6510D22B56B21D0004287A /* FeedItemsMapper.swift in Sources */ = {isa = PBXBuildFile; fileRef = 0BC35B792B5011DC00DA0A4F /* FeedItemsMapper.swift */; };
		0B6510D32B56B21F0004287A /* RemoteFeedLoader.swift in Sources */ = {isa = PBXBuildFile; fileRef = 0B84125C2B4C516B000920C3 /* RemoteFeedLoader.swift */; };
		0B6510D42B56B2220004287A /* HTTPClient.swift in Sources */ = {isa = PBXBuildFile; fileRef = 0BC35B772B50117700DA0A4F /* HTTPClient.swift */; };
		0B6510D52B56B2240004287A /* URLSessionHTTPClient.swift in Sources */ = {isa = PBXBuildFile; fileRef = 0B6510B52B5590410004287A /* URLSessionHTTPClient.swift */; };
		0B77E1D12B56CF500001E7F9 /* XCTestCase+MemoryLeakTrackingHelper.swift in Sources */ = {isa = PBXBuildFile; fileRef = 0B6510B32B5578020004287A /* XCTestCase+MemoryLeakTrackingHelper.swift */; };
		0B812F912B51A1E000154785 /* URLSesionHTTPClientTests.swift in Sources */ = {isa = PBXBuildFile; fileRef = 0B812F902B51A1E000154785 /* URLSesionHTTPClientTests.swift */; };
		0BCA0A392B4C3A9E00CDB46D /* RemoteFeedLoaderTests.swift in Sources */ = {isa = PBXBuildFile; fileRef = 0BCA0A382B4C3A9E00CDB46D /* RemoteFeedLoaderTests.swift */; };
/* End PBXBuildFile section */

/* Begin PBXFileReference section */
		0B6510B32B5578020004287A /* XCTestCase+MemoryLeakTrackingHelper.swift */ = {isa = PBXFileReference; lastKnownFileType = sourcecode.swift; path = "XCTestCase+MemoryLeakTrackingHelper.swift"; sourceTree = "<group>"; };
		0B6510B52B5590410004287A /* URLSessionHTTPClient.swift */ = {isa = PBXFileReference; lastKnownFileType = sourcecode.swift; path = URLSessionHTTPClient.swift; sourceTree = "<group>"; };
		0B6510BB2B56AF930004287A /* EssentialFeedAPIEndToEndTests.xctest */ = {isa = PBXFileReference; explicitFileType = wrapper.cfbundle; includeInIndex = 0; path = EssentialFeedAPIEndToEndTests.xctest; sourceTree = BUILT_PRODUCTS_DIR; };
		0B6510BD2B56AF930004287A /* EssentialFeedAPIEndToEndTests.swift */ = {isa = PBXFileReference; lastKnownFileType = sourcecode.swift; path = EssentialFeedAPIEndToEndTests.swift; sourceTree = "<group>"; };
		0B6510C92B56B1B90004287A /* EssentialDeveloper.framework */ = {isa = PBXFileReference; explicitFileType = wrapper.framework; includeInIndex = 0; path = EssentialDeveloper.framework; sourceTree = BUILT_PRODUCTS_DIR; };
		0B6510CB2B56B1B90004287A /* EssentialDeveloper.h */ = {isa = PBXFileReference; lastKnownFileType = sourcecode.c.h; path = EssentialDeveloper.h; sourceTree = "<group>"; };
		0B812F902B51A1E000154785 /* URLSesionHTTPClientTests.swift */ = {isa = PBXFileReference; lastKnownFileType = sourcecode.swift; path = URLSesionHTTPClientTests.swift; sourceTree = "<group>"; };
		0B84125C2B4C516B000920C3 /* RemoteFeedLoader.swift */ = {isa = PBXFileReference; lastKnownFileType = sourcecode.swift; path = RemoteFeedLoader.swift; sourceTree = "<group>"; };
		0BA272842B56B4A100D93A38 /* EssentialDeveloper.xctestplan */ = {isa = PBXFileReference; lastKnownFileType = text; path = EssentialDeveloper.xctestplan; sourceTree = "<group>"; };
		0BC35B772B50117700DA0A4F /* HTTPClient.swift */ = {isa = PBXFileReference; lastKnownFileType = sourcecode.swift; path = HTTPClient.swift; sourceTree = "<group>"; };
		0BC35B792B5011DC00DA0A4F /* FeedItemsMapper.swift */ = {isa = PBXFileReference; lastKnownFileType = sourcecode.swift; path = FeedItemsMapper.swift; sourceTree = "<group>"; };
		0BCA0A142B4825D800CDB46D /* EssentialDeveloperTests.xctest */ = {isa = PBXFileReference; explicitFileType = wrapper.cfbundle; includeInIndex = 0; path = EssentialDeveloperTests.xctest; sourceTree = BUILT_PRODUCTS_DIR; };
		0BCA0A312B48260F00CDB46D /* FeedItem.swift */ = {isa = PBXFileReference; lastKnownFileType = sourcecode.swift; path = FeedItem.swift; sourceTree = "<group>"; };
		0BCA0A332B4826BE00CDB46D /* FeedLoader.swift */ = {isa = PBXFileReference; lastKnownFileType = sourcecode.swift; path = FeedLoader.swift; sourceTree = "<group>"; };
		0BCA0A382B4C3A9E00CDB46D /* RemoteFeedLoaderTests.swift */ = {isa = PBXFileReference; lastKnownFileType = sourcecode.swift; path = RemoteFeedLoaderTests.swift; sourceTree = "<group>"; };
/* End PBXFileReference section */

/* Begin PBXFrameworksBuildPhase section */
		0B6510B82B56AF930004287A /* Frameworks */ = {
			isa = PBXFrameworksBuildPhase;
			buildActionMask = 2147483647;
			files = (
			);
			runOnlyForDeploymentPostprocessing = 0;
		};
		0B6510C62B56B1B90004287A /* Frameworks */ = {
			isa = PBXFrameworksBuildPhase;
			buildActionMask = 2147483647;
			files = (
			);
			runOnlyForDeploymentPostprocessing = 0;
		};
		0BCA0A112B4825D800CDB46D /* Frameworks */ = {
			isa = PBXFrameworksBuildPhase;
			buildActionMask = 2147483647;
			files = (
			);
			runOnlyForDeploymentPostprocessing = 0;
		};
/* End PBXFrameworksBuildPhase section */

/* Begin PBXGroup section */
		0B6510B22B5577B70004287A /* Helpers */ = {
			isa = PBXGroup;
			children = (
				0B6510B32B5578020004287A /* XCTestCase+MemoryLeakTrackingHelper.swift */,
			);
			path = Helpers;
			sourceTree = "<group>";
		};
		0B6510BC2B56AF930004287A /* EssentialFeedAPIEndToEndTests */ = {
			isa = PBXGroup;
			children = (
				0B6510BD2B56AF930004287A /* EssentialFeedAPIEndToEndTests.swift */,
			);
			path = EssentialFeedAPIEndToEndTests;
			sourceTree = "<group>";
		};
		0B6510CA2B56B1B90004287A /* EssentialDeveloper */ = {
			isa = PBXGroup;
			children = (
				0BCA0A352B4827FA00CDB46D /* Feed Feature */,
				0B84125B2B4C5159000920C3 /* Feed API */,
				0B6510CB2B56B1B90004287A /* EssentialDeveloper.h */,
			);
			path = EssentialDeveloper;
			sourceTree = "<group>";
		};
		0B84125B2B4C5159000920C3 /* Feed API */ = {
			isa = PBXGroup;
			children = (
				0BC35B792B5011DC00DA0A4F /* FeedItemsMapper.swift */,
				0B84125C2B4C516B000920C3 /* RemoteFeedLoader.swift */,
				0BC35B772B50117700DA0A4F /* HTTPClient.swift */,
				0B6510B52B5590410004287A /* URLSessionHTTPClient.swift */,
			);
			path = "Feed API";
			sourceTree = "<group>";
		};
		0BC35B7C2B50325000DA0A4F /* Feed API */ = {
			isa = PBXGroup;
			children = (
				0BCA0A382B4C3A9E00CDB46D /* RemoteFeedLoaderTests.swift */,
				0B6510B22B5577B70004287A /* Helpers */,
				0B812F902B51A1E000154785 /* URLSesionHTTPClientTests.swift */,
			);
			path = "Feed API";
			sourceTree = "<group>";
		};
		0BCA09FA2B4825D700CDB46D = {
			isa = PBXGroup;
			children = (
				0BA272842B56B4A100D93A38 /* EssentialDeveloper.xctestplan */,
				0BCA0A172B4825D800CDB46D /* EssentialDeveloperTests */,
				0B6510BC2B56AF930004287A /* EssentialFeedAPIEndToEndTests */,
				0B6510CA2B56B1B90004287A /* EssentialDeveloper */,
				0BCA0A042B4825D700CDB46D /* Products */,
			);
			sourceTree = "<group>";
		};
		0BCA0A042B4825D700CDB46D /* Products */ = {
			isa = PBXGroup;
			children = (
				0BCA0A142B4825D800CDB46D /* EssentialDeveloperTests.xctest */,
				0B6510BB2B56AF930004287A /* EssentialFeedAPIEndToEndTests.xctest */,
				0B6510C92B56B1B90004287A /* EssentialDeveloper.framework */,
			);
			name = Products;
			sourceTree = "<group>";
		};
		0BCA0A172B4825D800CDB46D /* EssentialDeveloperTests */ = {
			isa = PBXGroup;
			children = (
				0BC35B7C2B50325000DA0A4F /* Feed API */,
			);
			path = EssentialDeveloperTests;
			sourceTree = "<group>";
		};
		0BCA0A352B4827FA00CDB46D /* Feed Feature */ = {
			isa = PBXGroup;
			children = (
				0BCA0A312B48260F00CDB46D /* FeedItem.swift */,
				0BCA0A332B4826BE00CDB46D /* FeedLoader.swift */,
			);
			path = "Feed Feature";
			sourceTree = "<group>";
		};
/* End PBXGroup section */

/* Begin PBXHeadersBuildPhase section */
		0B6510C42B56B1B90004287A /* Headers */ = {
			isa = PBXHeadersBuildPhase;
			buildActionMask = 2147483647;
			files = (
				0B6510CC2B56B1B90004287A /* EssentialDeveloper.h in Headers */,
			);
			runOnlyForDeploymentPostprocessing = 0;
		};
/* End PBXHeadersBuildPhase section */

/* Begin PBXNativeTarget section */
		0B6510BA2B56AF930004287A /* EssentialFeedAPIEndToEndTests */ = {
			isa = PBXNativeTarget;
			buildConfigurationList = 0B6510C12B56AF940004287A /* Build configuration list for PBXNativeTarget "EssentialFeedAPIEndToEndTests" */;
			buildPhases = (
				0B6510B72B56AF930004287A /* Sources */,
				0B6510B82B56AF930004287A /* Frameworks */,
				0B6510B92B56AF930004287A /* Resources */,
			);
			buildRules = (
			);
			dependencies = (
			);
			name = EssentialFeedAPIEndToEndTests;
			productName = EssentialFeedAPIEndToEndTests;
			productReference = 0B6510BB2B56AF930004287A /* EssentialFeedAPIEndToEndTests.xctest */;
			productType = "com.apple.product-type.bundle.unit-test";
		};
		0B6510C82B56B1B90004287A /* EssentialDeveloper */ = {
			isa = PBXNativeTarget;
			buildConfigurationList = 0B6510CD2B56B1B90004287A /* Build configuration list for PBXNativeTarget "EssentialDeveloper" */;
			buildPhases = (
				0B6510C42B56B1B90004287A /* Headers */,
				0B6510C52B56B1B90004287A /* Sources */,
				0B6510C62B56B1B90004287A /* Frameworks */,
				0B6510C72B56B1B90004287A /* Resources */,
			);
			buildRules = (
			);
			dependencies = (
			);
			name = EssentialDeveloper;
			productName = EssentialDeveloper;
			productReference = 0B6510C92B56B1B90004287A /* EssentialDeveloper.framework */;
			productType = "com.apple.product-type.framework";
		};
		0BCA0A132B4825D800CDB46D /* EssentialDeveloperTests */ = {
			isa = PBXNativeTarget;
			buildConfigurationList = 0BCA0A2B2B4825D800CDB46D /* Build configuration list for PBXNativeTarget "EssentialDeveloperTests" */;
			buildPhases = (
				0BCA0A102B4825D800CDB46D /* Sources */,
				0BCA0A112B4825D800CDB46D /* Frameworks */,
				0BCA0A122B4825D800CDB46D /* Resources */,
			);
			buildRules = (
			);
			dependencies = (
			);
			name = EssentialDeveloperTests;
			productName = "essential-feed-case-studyTests";
			productReference = 0BCA0A142B4825D800CDB46D /* EssentialDeveloperTests.xctest */;
			productType = "com.apple.product-type.bundle.unit-test";
		};
/* End PBXNativeTarget section */

/* Begin PBXProject section */
		0BCA09FB2B4825D700CDB46D /* Project object */ = {
			isa = PBXProject;
			attributes = {
				BuildIndependentTargetsInParallel = 1;
				LastSwiftUpdateCheck = 1520;
				LastUpgradeCheck = 1520;
				TargetAttributes = {
					0B6510BA2B56AF930004287A = {
						CreatedOnToolsVersion = 15.2;
					};
					0B6510C82B56B1B90004287A = {
						CreatedOnToolsVersion = 15.2;
					};
					0BCA0A132B4825D800CDB46D = {
						CreatedOnToolsVersion = 15.1;
					};
				};
			};
			buildConfigurationList = 0BCA09FE2B4825D700CDB46D /* Build configuration list for PBXProject "EssentialDeveloper" */;
			compatibilityVersion = "Xcode 14.0";
			developmentRegion = en;
			hasScannedForEncodings = 0;
			knownRegions = (
				en,
				Base,
			);
			mainGroup = 0BCA09FA2B4825D700CDB46D;
			productRefGroup = 0BCA0A042B4825D700CDB46D /* Products */;
			projectDirPath = "";
			projectRoot = "";
			targets = (
				0BCA0A132B4825D800CDB46D /* EssentialDeveloperTests */,
				0B6510BA2B56AF930004287A /* EssentialFeedAPIEndToEndTests */,
				0B6510C82B56B1B90004287A /* EssentialDeveloper */,
			);
		};
/* End PBXProject section */

/* Begin PBXResourcesBuildPhase section */
		0B6510B92B56AF930004287A /* Resources */ = {
			isa = PBXResourcesBuildPhase;
			buildActionMask = 2147483647;
			files = (
			);
			runOnlyForDeploymentPostprocessing = 0;
		};
		0B6510C72B56B1B90004287A /* Resources */ = {
			isa = PBXResourcesBuildPhase;
			buildActionMask = 2147483647;
			files = (
			);
			runOnlyForDeploymentPostprocessing = 0;
		};
		0BCA0A122B4825D800CDB46D /* Resources */ = {
			isa = PBXResourcesBuildPhase;
			buildActionMask = 2147483647;
			files = (
			);
			runOnlyForDeploymentPostprocessing = 0;
		};
/* End PBXResourcesBuildPhase section */

/* Begin PBXSourcesBuildPhase section */
		0B6510B72B56AF930004287A /* Sources */ = {
			isa = PBXSourcesBuildPhase;
			buildActionMask = 2147483647;
			files = (
				0B6510BE2B56AF930004287A /* EssentialFeedAPIEndToEndTests.swift in Sources */,
				0B77E1D12B56CF500001E7F9 /* XCTestCase+MemoryLeakTrackingHelper.swift in Sources */,
			);
			runOnlyForDeploymentPostprocessing = 0;
		};
		0B6510C52B56B1B90004287A /* Sources */ = {
			isa = PBXSourcesBuildPhase;
			buildActionMask = 2147483647;
			files = (
				0B6510D32B56B21F0004287A /* RemoteFeedLoader.swift in Sources */,
				0B6510D42B56B2220004287A /* HTTPClient.swift in Sources */,
				0B6510D22B56B21D0004287A /* FeedItemsMapper.swift in Sources */,
				0B6510D12B56B2170004287A /* FeedLoader.swift in Sources */,
				0B6510D02B56B2140004287A /* FeedItem.swift in Sources */,
				0B6510D52B56B2240004287A /* URLSessionHTTPClient.swift in Sources */,
			);
			runOnlyForDeploymentPostprocessing = 0;
		};
		0BCA0A102B4825D800CDB46D /* Sources */ = {
			isa = PBXSourcesBuildPhase;
			buildActionMask = 2147483647;
			files = (
				0B812F912B51A1E000154785 /* URLSesionHTTPClientTests.swift in Sources */,
				0B6510B42B5578020004287A /* XCTestCase+MemoryLeakTrackingHelper.swift in Sources */,
				0BCA0A392B4C3A9E00CDB46D /* RemoteFeedLoaderTests.swift in Sources */,
			);
			runOnlyForDeploymentPostprocessing = 0;
		};
/* End PBXSourcesBuildPhase section */

/* Begin XCBuildConfiguration section */
		0B6510C22B56AF940004287A /* Debug */ = {
			isa = XCBuildConfiguration;
			buildSettings = {
				CODE_SIGN_STYLE = Automatic;
				CURRENT_PROJECT_VERSION = 1;
				DEVELOPMENT_TEAM = 34UZ636LAD;
				GENERATE_INFOPLIST_FILE = YES;
				MARKETING_VERSION = 1.0;
				PRODUCT_BUNDLE_IDENTIFIER = "Sailor-Saturn.EssentialFeedAPIEndToEndTests";
				PRODUCT_NAME = "$(TARGET_NAME)";
				SWIFT_EMIT_LOC_STRINGS = NO;
				SWIFT_VERSION = 5.0;
			};
			name = Debug;
		};
		0B6510C32B56AF940004287A /* Release */ = {
			isa = XCBuildConfiguration;
			buildSettings = {
				CODE_SIGN_STYLE = Automatic;
				CURRENT_PROJECT_VERSION = 1;
				DEVELOPMENT_TEAM = 34UZ636LAD;
				GENERATE_INFOPLIST_FILE = YES;
				MARKETING_VERSION = 1.0;
				PRODUCT_BUNDLE_IDENTIFIER = "Sailor-Saturn.EssentialFeedAPIEndToEndTests";
				PRODUCT_NAME = "$(TARGET_NAME)";
				SWIFT_EMIT_LOC_STRINGS = NO;
				SWIFT_VERSION = 5.0;
			};
			name = Release;
		};
		0B6510CE2B56B1B90004287A /* Debug */ = {
			isa = XCBuildConfiguration;
			buildSettings = {
				CODE_SIGN_STYLE = Automatic;
				COMBINE_HIDPI_IMAGES = YES;
				CURRENT_PROJECT_VERSION = 1;
				DEFINES_MODULE = YES;
				DEVELOPMENT_TEAM = 34UZ636LAD;
				DYLIB_COMPATIBILITY_VERSION = 1;
				DYLIB_CURRENT_VERSION = 1;
				DYLIB_INSTALL_NAME_BASE = "@rpath";
				ENABLE_MODULE_VERIFIER = YES;
				GENERATE_INFOPLIST_FILE = YES;
				INFOPLIST_KEY_NSHumanReadableCopyright = "";
				INSTALL_PATH = "$(LOCAL_LIBRARY_DIR)/Frameworks";
				LD_RUNPATH_SEARCH_PATHS = (
					"$(inherited)",
					"@executable_path/../Frameworks",
					"@loader_path/Frameworks",
				);
				MARKETING_VERSION = 1.0;
				MODULE_VERIFIER_SUPPORTED_LANGUAGES = "objective-c objective-c++";
				MODULE_VERIFIER_SUPPORTED_LANGUAGE_STANDARDS = "gnu17 gnu++20";
				PRODUCT_BUNDLE_IDENTIFIER = "Sailor-Saturn.EssentialDeveloper";
				PRODUCT_NAME = "$(TARGET_NAME:c99extidentifier)";
				SKIP_INSTALL = YES;
				SWIFT_EMIT_LOC_STRINGS = YES;
				SWIFT_VERSION = 5.0;
				VERSIONING_SYSTEM = "apple-generic";
				VERSION_INFO_PREFIX = "";
			};
			name = Debug;
		};
		0B6510CF2B56B1B90004287A /* Release */ = {
			isa = XCBuildConfiguration;
			buildSettings = {
				CODE_SIGN_STYLE = Automatic;
				COMBINE_HIDPI_IMAGES = YES;
				CURRENT_PROJECT_VERSION = 1;
				DEFINES_MODULE = YES;
				DEVELOPMENT_TEAM = 34UZ636LAD;
				DYLIB_COMPATIBILITY_VERSION = 1;
				DYLIB_CURRENT_VERSION = 1;
				DYLIB_INSTALL_NAME_BASE = "@rpath";
				ENABLE_MODULE_VERIFIER = YES;
				GENERATE_INFOPLIST_FILE = YES;
				INFOPLIST_KEY_NSHumanReadableCopyright = "";
				INSTALL_PATH = "$(LOCAL_LIBRARY_DIR)/Frameworks";
				LD_RUNPATH_SEARCH_PATHS = (
					"$(inherited)",
					"@executable_path/../Frameworks",
					"@loader_path/Frameworks",
				);
				MARKETING_VERSION = 1.0;
				MODULE_VERIFIER_SUPPORTED_LANGUAGES = "objective-c objective-c++";
				MODULE_VERIFIER_SUPPORTED_LANGUAGE_STANDARDS = "gnu17 gnu++20";
				PRODUCT_BUNDLE_IDENTIFIER = "Sailor-Saturn.EssentialDeveloper";
				PRODUCT_NAME = "$(TARGET_NAME:c99extidentifier)";
				SKIP_INSTALL = YES;
				SWIFT_EMIT_LOC_STRINGS = YES;
				SWIFT_VERSION = 5.0;
				VERSIONING_SYSTEM = "apple-generic";
				VERSION_INFO_PREFIX = "";
			};
			name = Release;
		};
		0BCA0A262B4825D800CDB46D /* Debug */ = {
			isa = XCBuildConfiguration;
			buildSettings = {
				ALWAYS_SEARCH_USER_PATHS = NO;
				ASSETCATALOG_COMPILER_GENERATE_SWIFT_ASSET_SYMBOL_EXTENSIONS = YES;
				CLANG_ANALYZER_NONNULL = YES;
				CLANG_ANALYZER_NUMBER_OBJECT_CONVERSION = YES_AGGRESSIVE;
				CLANG_CXX_LANGUAGE_STANDARD = "gnu++20";
				CLANG_ENABLE_MODULES = YES;
				CLANG_ENABLE_OBJC_ARC = YES;
				CLANG_ENABLE_OBJC_WEAK = YES;
				CLANG_WARN_BLOCK_CAPTURE_AUTORELEASING = YES;
				CLANG_WARN_BOOL_CONVERSION = YES;
				CLANG_WARN_COMMA = YES;
				CLANG_WARN_CONSTANT_CONVERSION = YES;
				CLANG_WARN_DEPRECATED_OBJC_IMPLEMENTATIONS = YES;
				CLANG_WARN_DIRECT_OBJC_ISA_USAGE = YES_ERROR;
				CLANG_WARN_DOCUMENTATION_COMMENTS = YES;
				CLANG_WARN_EMPTY_BODY = YES;
				CLANG_WARN_ENUM_CONVERSION = YES;
				CLANG_WARN_INFINITE_RECURSION = YES;
				CLANG_WARN_INT_CONVERSION = YES;
				CLANG_WARN_NON_LITERAL_NULL_CONVERSION = YES;
				CLANG_WARN_OBJC_IMPLICIT_RETAIN_SELF = YES;
				CLANG_WARN_OBJC_LITERAL_CONVERSION = YES;
				CLANG_WARN_OBJC_ROOT_CLASS = YES_ERROR;
				CLANG_WARN_QUOTED_INCLUDE_IN_FRAMEWORK_HEADER = YES;
				CLANG_WARN_RANGE_LOOP_ANALYSIS = YES;
				CLANG_WARN_STRICT_PROTOTYPES = YES;
				CLANG_WARN_SUSPICIOUS_MOVE = YES;
				CLANG_WARN_UNGUARDED_AVAILABILITY = YES_AGGRESSIVE;
				CLANG_WARN_UNREACHABLE_CODE = YES;
				CLANG_WARN__DUPLICATE_METHOD_MATCH = YES;
				COPY_PHASE_STRIP = NO;
				DEAD_CODE_STRIPPING = YES;
				DEBUG_INFORMATION_FORMAT = dwarf;
				ENABLE_STRICT_OBJC_MSGSEND = YES;
				ENABLE_TESTABILITY = YES;
				ENABLE_USER_SCRIPT_SANDBOXING = YES;
				GCC_C_LANGUAGE_STANDARD = gnu17;
				GCC_DYNAMIC_NO_PIC = NO;
				GCC_NO_COMMON_BLOCKS = YES;
				GCC_OPTIMIZATION_LEVEL = 0;
				GCC_PREPROCESSOR_DEFINITIONS = (
					"DEBUG=1",
					"$(inherited)",
				);
				GCC_WARN_64_TO_32_BIT_CONVERSION = YES;
				GCC_WARN_ABOUT_RETURN_TYPE = YES_ERROR;
				GCC_WARN_UNDECLARED_SELECTOR = YES;
				GCC_WARN_UNINITIALIZED_AUTOS = YES_AGGRESSIVE;
				GCC_WARN_UNUSED_FUNCTION = YES;
				GCC_WARN_UNUSED_VARIABLE = YES;
				LOCALIZATION_PREFERS_STRING_CATALOGS = YES;
				MACOSX_DEPLOYMENT_TARGET = 14.2;
				MTL_ENABLE_DEBUG_INFO = INCLUDE_SOURCE;
				MTL_FAST_MATH = YES;
				ONLY_ACTIVE_ARCH = YES;
				SDKROOT = macosx;
				SWIFT_ACTIVE_COMPILATION_CONDITIONS = "DEBUG $(inherited)";
				SWIFT_OPTIMIZATION_LEVEL = "-Onone";
			};
			name = Debug;
		};
		0BCA0A272B4825D800CDB46D /* Release */ = {
			isa = XCBuildConfiguration;
			buildSettings = {
				ALWAYS_SEARCH_USER_PATHS = NO;
				ASSETCATALOG_COMPILER_GENERATE_SWIFT_ASSET_SYMBOL_EXTENSIONS = YES;
				CLANG_ANALYZER_NONNULL = YES;
				CLANG_ANALYZER_NUMBER_OBJECT_CONVERSION = YES_AGGRESSIVE;
				CLANG_CXX_LANGUAGE_STANDARD = "gnu++20";
				CLANG_ENABLE_MODULES = YES;
				CLANG_ENABLE_OBJC_ARC = YES;
				CLANG_ENABLE_OBJC_WEAK = YES;
				CLANG_WARN_BLOCK_CAPTURE_AUTORELEASING = YES;
				CLANG_WARN_BOOL_CONVERSION = YES;
				CLANG_WARN_COMMA = YES;
				CLANG_WARN_CONSTANT_CONVERSION = YES;
				CLANG_WARN_DEPRECATED_OBJC_IMPLEMENTATIONS = YES;
				CLANG_WARN_DIRECT_OBJC_ISA_USAGE = YES_ERROR;
				CLANG_WARN_DOCUMENTATION_COMMENTS = YES;
				CLANG_WARN_EMPTY_BODY = YES;
				CLANG_WARN_ENUM_CONVERSION = YES;
				CLANG_WARN_INFINITE_RECURSION = YES;
				CLANG_WARN_INT_CONVERSION = YES;
				CLANG_WARN_NON_LITERAL_NULL_CONVERSION = YES;
				CLANG_WARN_OBJC_IMPLICIT_RETAIN_SELF = YES;
				CLANG_WARN_OBJC_LITERAL_CONVERSION = YES;
				CLANG_WARN_OBJC_ROOT_CLASS = YES_ERROR;
				CLANG_WARN_QUOTED_INCLUDE_IN_FRAMEWORK_HEADER = YES;
				CLANG_WARN_RANGE_LOOP_ANALYSIS = YES;
				CLANG_WARN_STRICT_PROTOTYPES = YES;
				CLANG_WARN_SUSPICIOUS_MOVE = YES;
				CLANG_WARN_UNGUARDED_AVAILABILITY = YES_AGGRESSIVE;
				CLANG_WARN_UNREACHABLE_CODE = YES;
				CLANG_WARN__DUPLICATE_METHOD_MATCH = YES;
				COPY_PHASE_STRIP = NO;
				DEAD_CODE_STRIPPING = YES;
				DEBUG_INFORMATION_FORMAT = "dwarf-with-dsym";
				ENABLE_NS_ASSERTIONS = NO;
				ENABLE_STRICT_OBJC_MSGSEND = YES;
				ENABLE_USER_SCRIPT_SANDBOXING = YES;
				GCC_C_LANGUAGE_STANDARD = gnu17;
				GCC_NO_COMMON_BLOCKS = YES;
				GCC_WARN_64_TO_32_BIT_CONVERSION = YES;
				GCC_WARN_ABOUT_RETURN_TYPE = YES_ERROR;
				GCC_WARN_UNDECLARED_SELECTOR = YES;
				GCC_WARN_UNINITIALIZED_AUTOS = YES_AGGRESSIVE;
				GCC_WARN_UNUSED_FUNCTION = YES;
				GCC_WARN_UNUSED_VARIABLE = YES;
				LOCALIZATION_PREFERS_STRING_CATALOGS = YES;
				MACOSX_DEPLOYMENT_TARGET = 14.2;
				MTL_ENABLE_DEBUG_INFO = NO;
				MTL_FAST_MATH = YES;
				ONLY_ACTIVE_ARCH = YES;
				SDKROOT = macosx;
				SWIFT_COMPILATION_MODE = wholemodule;
			};
			name = Release;
		};
		0BCA0A2C2B4825D800CDB46D /* Debug */ = {
			isa = XCBuildConfiguration;
			buildSettings = {
				ALWAYS_EMBED_SWIFT_STANDARD_LIBRARIES = YES;
				CODE_SIGN_STYLE = Automatic;
				CURRENT_PROJECT_VERSION = 1;
				DEAD_CODE_STRIPPING = YES;
				DEVELOPMENT_TEAM = 34UZ636LAD;
				GENERATE_INFOPLIST_FILE = YES;
				MACOSX_DEPLOYMENT_TARGET = 14.2;
				MARKETING_VERSION = 1.0;
				PRODUCT_BUNDLE_IDENTIFIER = "Sailor-Saturn.essential-feed-case-studyTests";
				PRODUCT_NAME = "$(TARGET_NAME)";
				SWIFT_EMIT_LOC_STRINGS = NO;
				SWIFT_VERSION = 5.0;
			};
			name = Debug;
		};
		0BCA0A2D2B4825D800CDB46D /* Release */ = {
			isa = XCBuildConfiguration;
			buildSettings = {
				ALWAYS_EMBED_SWIFT_STANDARD_LIBRARIES = YES;
				CODE_SIGN_STYLE = Automatic;
				CURRENT_PROJECT_VERSION = 1;
				DEAD_CODE_STRIPPING = YES;
				DEVELOPMENT_TEAM = 34UZ636LAD;
				GENERATE_INFOPLIST_FILE = YES;
				MACOSX_DEPLOYMENT_TARGET = 14.2;
				MARKETING_VERSION = 1.0;
				PRODUCT_BUNDLE_IDENTIFIER = "Sailor-Saturn.essential-feed-case-studyTests";
				PRODUCT_NAME = "$(TARGET_NAME)";
				SWIFT_EMIT_LOC_STRINGS = NO;
				SWIFT_VERSION = 5.0;
			};
			name = Release;
		};
/* End XCBuildConfiguration section */

/* Begin XCConfigurationList section */
		0B6510C12B56AF940004287A /* Build configuration list for PBXNativeTarget "EssentialFeedAPIEndToEndTests" */ = {
			isa = XCConfigurationList;
			buildConfigurations = (
				0B6510C22B56AF940004287A /* Debug */,
				0B6510C32B56AF940004287A /* Release */,
			);
			defaultConfigurationIsVisible = 0;
			defaultConfigurationName = Release;
		};
		0B6510CD2B56B1B90004287A /* Build configuration list for PBXNativeTarget "EssentialDeveloper" */ = {
			isa = XCConfigurationList;
			buildConfigurations = (
				0B6510CE2B56B1B90004287A /* Debug */,
				0B6510CF2B56B1B90004287A /* Release */,
			);
			defaultConfigurationIsVisible = 0;
			defaultConfigurationName = Release;
		};
		0BCA09FE2B4825D700CDB46D /* Build configuration list for PBXProject "EssentialDeveloper" */ = {
			isa = XCConfigurationList;
			buildConfigurations = (
				0BCA0A262B4825D800CDB46D /* Debug */,
				0BCA0A272B4825D800CDB46D /* Release */,
			);
			defaultConfigurationIsVisible = 0;
			defaultConfigurationName = Release;
		};
		0BCA0A2B2B4825D800CDB46D /* Build configuration list for PBXNativeTarget "EssentialDeveloperTests" */ = {
			isa = XCConfigurationList;
			buildConfigurations = (
				0BCA0A2C2B4825D800CDB46D /* Debug */,
				0BCA0A2D2B4825D800CDB46D /* Release */,
			);
			defaultConfigurationIsVisible = 0;
			defaultConfigurationName = Release;
		};
/* End XCConfigurationList section */
	};
	rootObject = 0BCA09FB2B4825D700CDB46D /* Project object */;
}
