// !$*UTF8*$!
{
	archiveVersion = 1;
	classes = {
	};
	objectVersion = 56;
	objects = {

/* Begin PBXBuildFile section */
		0B68F2582B59301000C5E3F8 /* EssentialDeveloper.framework in Frameworks */ = {isa = PBXBuildFile; fileRef = 0B68F24F2B59301000C5E3F8 /* EssentialDeveloper.framework */; };
		0B68F25E2B59301000C5E3F8 /* EssentialDeveloper.h in Headers */ = {isa = PBXBuildFile; fileRef = 0B68F2522B59301000C5E3F8 /* EssentialDeveloper.h */; settings = {ATTRIBUTES = (Public, ); }; };
		0B68F2692B59306000C5E3F8 /* RemoteFeedLoaderTests.swift in Sources */ = {isa = PBXBuildFile; fileRef = 0B68F2682B59306000C5E3F8 /* RemoteFeedLoaderTests.swift */; };
		0B68F26C2B59308200C5E3F8 /* RemoteFeedLoader.swift in Sources */ = {isa = PBXBuildFile; fileRef = 0B68F26B2B59308200C5E3F8 /* RemoteFeedLoader.swift */; };
		0B68F27A2B5930E600C5E3F8 /* XCTestCase+MemoryLeakTrackingHelper.swift in Sources */ = {isa = PBXBuildFile; fileRef = 0B68F2792B5930E600C5E3F8 /* XCTestCase+MemoryLeakTrackingHelper.swift */; };
		0B68F27C2B59311600C5E3F8 /* URLSesionHTTPClientTests.swift in Sources */ = {isa = PBXBuildFile; fileRef = 0B68F27B2B59311600C5E3F8 /* URLSesionHTTPClientTests.swift */; };
		0B68F28B2B59338B00C5E3F8 /* EssentialDeveloper.framework in Frameworks */ = {isa = PBXBuildFile; fileRef = 0B68F24F2B59301000C5E3F8 /* EssentialDeveloper.framework */; };
		0B68F2912B59339300C5E3F8 /* EssentialFeedAPIEndToEndTests.swift in Sources */ = {isa = PBXBuildFile; fileRef = 0B68F27E2B59313F00C5E3F8 /* EssentialFeedAPIEndToEndTests.swift */; };
		0B68F2922B59339F00C5E3F8 /* XCTestCase+MemoryLeakTrackingHelper.swift in Sources */ = {isa = PBXBuildFile; fileRef = 0B68F2792B5930E600C5E3F8 /* XCTestCase+MemoryLeakTrackingHelper.swift */; };
		0B737AFE2B5935EA00864E29 /* FeedLoader.swift in Sources */ = {isa = PBXBuildFile; fileRef = 0B737AFD2B5935EA00864E29 /* FeedLoader.swift */; };
		0B737B002B59360400864E29 /* FeedImage.swift in Sources */ = {isa = PBXBuildFile; fileRef = 0B737AFF2B59360400864E29 /* FeedImage.swift */; };
		0B737B022B59364800864E29 /* FeedItemsMapper.swift in Sources */ = {isa = PBXBuildFile; fileRef = 0B737B012B59364800864E29 /* FeedItemsMapper.swift */; };
		0B737B042B59366600864E29 /* HTTPClient.swift in Sources */ = {isa = PBXBuildFile; fileRef = 0B737B032B59366600864E29 /* HTTPClient.swift */; };
		0B737B062B59367E00864E29 /* URLSessionHTTPClient.swift in Sources */ = {isa = PBXBuildFile; fileRef = 0B737B052B59367E00864E29 /* URLSessionHTTPClient.swift */; };
		0B7DF72B2B5E95BE00CB8787 /* RemoteFeedItem.swift in Sources */ = {isa = PBXBuildFile; fileRef = 0B7DF72A2B5E95BE00CB8787 /* RemoteFeedItem.swift */; };
		0B7DF72D2B5E95F600CB8787 /* LocalFeedImage.swift in Sources */ = {isa = PBXBuildFile; fileRef = 0B7DF72C2B5E95F600CB8787 /* LocalFeedImage.swift */; };
		0B7DF72F2B5EC1D900CB8787 /* LoadFeedFromCacheTests.swift in Sources */ = {isa = PBXBuildFile; fileRef = 0B7DF72E2B5EC1D900CB8787 /* LoadFeedFromCacheTests.swift */; };
		0B7DF7312B5EC23B00CB8787 /* FeedStoreSpy.swift in Sources */ = {isa = PBXBuildFile; fileRef = 0B7DF7302B5EC23B00CB8787 /* FeedStoreSpy.swift */; };
		0B93D8C02B654DBE009B5938 /* ManagedFeedImage.swift in Sources */ = {isa = PBXBuildFile; fileRef = 0B93D8BF2B654DBE009B5938 /* ManagedFeedImage.swift */; };
		0B93D8C22B654DDD009B5938 /* ManagedCache.swift in Sources */ = {isa = PBXBuildFile; fileRef = 0B93D8C12B654DDD009B5938 /* ManagedCache.swift */; };
		0B93D8C42B654E2F009B5938 /* CoreDataFeedStore.swift in Sources */ = {isa = PBXBuildFile; fileRef = 0B93D8C32B654E2F009B5938 /* CoreDataFeedStore.swift */; };
		0B93D8C52B654EFC009B5938 /* FeedStore.xcdatamodeld in Sources */ = {isa = PBXBuildFile; fileRef = 0B9994262B63CBAF00FCF210 /* FeedStore.xcdatamodeld */; };
		0B93D8C82B654F38009B5938 /* CoreDataHelpers.swift in Sources */ = {isa = PBXBuildFile; fileRef = 0B93D8C72B654F38009B5938 /* CoreDataHelpers.swift */; };
		0B93D8D02B65555B009B5938 /* EssentialDeveloperCacheIntegrationTests.swift in Sources */ = {isa = PBXBuildFile; fileRef = 0B93D8CF2B65555B009B5938 /* EssentialDeveloperCacheIntegrationTests.swift */; };
		0B93D8D12B65555B009B5938 /* EssentialDeveloper.framework in Frameworks */ = {isa = PBXBuildFile; fileRef = 0B68F24F2B59301000C5E3F8 /* EssentialDeveloper.framework */; };
		0B93D8D82B6556BF009B5938 /* XCTestCase+MemoryLeakTrackingHelper.swift in Sources */ = {isa = PBXBuildFile; fileRef = 0B68F2792B5930E600C5E3F8 /* XCTestCase+MemoryLeakTrackingHelper.swift */; };
		0B93D8D92B6557D5009B5938 /* FeedCacheTestHelpers.swift in Sources */ = {isa = PBXBuildFile; fileRef = 0B99940F2B60076A00FCF210 /* FeedCacheTestHelpers.swift */; };
		0B93D8DA2B6557DB009B5938 /* SharedTestsHelpers.swift in Sources */ = {isa = PBXBuildFile; fileRef = 0B9994112B60081000FCF210 /* SharedTestsHelpers.swift */; };
		0B93D8E42B67C7C4009B5938 /* NSManagedObjectContext+Stub.swift in Sources */ = {isa = PBXBuildFile; fileRef = 0B93D8E32B67C7C4009B5938 /* NSManagedObjectContext+Stub.swift */; };
		0B99940E2B60049500FCF210 /* ValidateFeedCacheUseCaseTests.swift in Sources */ = {isa = PBXBuildFile; fileRef = 0B99940D2B60049400FCF210 /* ValidateFeedCacheUseCaseTests.swift */; };
		0B9994102B60076A00FCF210 /* FeedCacheTestHelpers.swift in Sources */ = {isa = PBXBuildFile; fileRef = 0B99940F2B60076A00FCF210 /* FeedCacheTestHelpers.swift */; };
		0B9994122B60081000FCF210 /* SharedTestsHelpers.swift in Sources */ = {isa = PBXBuildFile; fileRef = 0B9994112B60081000FCF210 /* SharedTestsHelpers.swift */; };
		0B9994142B601C7D00FCF210 /* FeedCachePolicy.swift in Sources */ = {isa = PBXBuildFile; fileRef = 0B9994132B601C7D00FCF210 /* FeedCachePolicy.swift */; };
		0B99941A2B63BDB600FCF210 /* FeedStoreSpecs.swift in Sources */ = {isa = PBXBuildFile; fileRef = 0B9994192B63BDB600FCF210 /* FeedStoreSpecs.swift */; };
		0B99941C2B63BE7400FCF210 /* XCTestCase+FeedStoreSpecs.swift in Sources */ = {isa = PBXBuildFile; fileRef = 0B99941B2B63BE7400FCF210 /* XCTestCase+FeedStoreSpecs.swift */; };
		0B99941F2B63C4BE00FCF210 /* XCTestCase+FailableRetrieveFeedStoreSpecs.swift in Sources */ = {isa = PBXBuildFile; fileRef = 0B99941E2B63C4BE00FCF210 /* XCTestCase+FailableRetrieveFeedStoreSpecs.swift */; };
		0B9994212B63C57B00FCF210 /* XCTestCase+FailableInsertFeedStoreSpecs.swift in Sources */ = {isa = PBXBuildFile; fileRef = 0B9994202B63C57B00FCF210 /* XCTestCase+FailableInsertFeedStoreSpecs.swift */; };
		0B9994232B63C60600FCF210 /* XCTestCase+FailableDeleteFeedStoreSpecs.swift in Sources */ = {isa = PBXBuildFile; fileRef = 0B9994222B63C60600FCF210 /* XCTestCase+FailableDeleteFeedStoreSpecs.swift */; };
		0B9994252B63C99E00FCF210 /* CoreDataFeedStoreTests.swift in Sources */ = {isa = PBXBuildFile; fileRef = 0B9994242B63C99E00FCF210 /* CoreDataFeedStoreTests.swift */; };
		0B99F0FE2B5C1A4E00730405 /* CacheFeedUseCaseTests.swift in Sources */ = {isa = PBXBuildFile; fileRef = 0B99F0FD2B5C1A4E00730405 /* CacheFeedUseCaseTests.swift */; };
		0B99F1012B5E7A2600730405 /* LocalFeedLoader.swift in Sources */ = {isa = PBXBuildFile; fileRef = 0B99F1002B5E7A2600730405 /* LocalFeedLoader.swift */; };
		0B99F1032B5E7A5800730405 /* FeedStore.swift in Sources */ = {isa = PBXBuildFile; fileRef = 0B99F1022B5E7A5800730405 /* FeedStore.swift */; };
		0BB43DF62B67CEFF00973C6F /* NSManagedObjectContext+Helper.swift in Sources */ = {isa = PBXBuildFile; fileRef = 0BB43DF52B67CEFF00973C6F /* NSManagedObjectContext+Helper.swift */; };
		0BB43DF82B67D06900973C6F /* NSEntityDescription+Assertions.swift in Sources */ = {isa = PBXBuildFile; fileRef = 0BB43DF72B67D06900973C6F /* NSEntityDescription+Assertions.swift */; };
		0BB43DFA2B67D39C00973C6F /* XCTestCase+FeedStoreHelpers.swift in Sources */ = {isa = PBXBuildFile; fileRef = 0BB43DF92B67D39C00973C6F /* XCTestCase+FeedStoreHelpers.swift */; };
		0BB43DFB2B67D3D000973C6F /* XCTestCase+FeedStoreHelpers.swift in Sources */ = {isa = PBXBuildFile; fileRef = 0BB43DF92B67D39C00973C6F /* XCTestCase+FeedStoreHelpers.swift */; };
		0BB43E302B6BA31800973C6F /* EssentialDeveloperiOS.framework in Frameworks */ = {isa = PBXBuildFile; fileRef = 0BB43E282B6BA31800973C6F /* EssentialDeveloperiOS.framework */; };
		0BB43E402B6BB5CC00973C6F /* FeedViewControllerTests.swift in Sources */ = {isa = PBXBuildFile; fileRef = 0BB43E3F2B6BB5CC00973C6F /* FeedViewControllerTests.swift */; };
		0BB43E422B6BB97F00973C6F /* EssentialDeveloper.framework in Frameworks */ = {isa = PBXBuildFile; fileRef = 0B68F24F2B59301000C5E3F8 /* EssentialDeveloper.framework */; platformFilters = (macos, ); };
		0BB43E432B6BB97F00973C6F /* EssentialDeveloper.framework in Embed Frameworks */ = {isa = PBXBuildFile; fileRef = 0B68F24F2B59301000C5E3F8 /* EssentialDeveloper.framework */; platformFilters = (macos, ); settings = {ATTRIBUTES = (CodeSignOnCopy, RemoveHeadersOnCopy, ); }; };
		0BB43E472B6BBA6D00973C6F /* XCTestCase+MemoryLeakTrackingHelper.swift in Sources */ = {isa = PBXBuildFile; fileRef = 0B68F2792B5930E600C5E3F8 /* XCTestCase+MemoryLeakTrackingHelper.swift */; };
		0BB43E492B6BCBDD00973C6F /* FeedViewController.swift in Sources */ = {isa = PBXBuildFile; fileRef = 0BB43E482B6BCBDD00973C6F /* FeedViewController.swift */; };
		0BB43E4B2B6D115700973C6F /* FeedImageCell.swift in Sources */ = {isa = PBXBuildFile; fileRef = 0BB43E4A2B6D115700973C6F /* FeedImageCell.swift */; };
		0BB43E4D2B6D344400973C6F /* UIView+Shimmering.swift in Sources */ = {isa = PBXBuildFile; fileRef = 0BB43E4C2B6D344400973C6F /* UIView+Shimmering.swift */; };
		0BB43E4E2B6D363600973C6F /* SharedTestsHelpers.swift in Sources */ = {isa = PBXBuildFile; fileRef = 0B9994112B60081000FCF210 /* SharedTestsHelpers.swift */; };
/* End PBXBuildFile section */

/* Begin PBXContainerItemProxy section */
		0B68F2592B59301000C5E3F8 /* PBXContainerItemProxy */ = {
			isa = PBXContainerItemProxy;
			containerPortal = 0B68F2462B59301000C5E3F8 /* Project object */;
			proxyType = 1;
			remoteGlobalIDString = 0B68F24E2B59301000C5E3F8;
			remoteInfo = EssentialDeveloper;
		};
		0B68F28C2B59338B00C5E3F8 /* PBXContainerItemProxy */ = {
			isa = PBXContainerItemProxy;
			containerPortal = 0B68F2462B59301000C5E3F8 /* Project object */;
			proxyType = 1;
			remoteGlobalIDString = 0B68F24E2B59301000C5E3F8;
			remoteInfo = EssentialDeveloper;
		};
		0B93D8D22B65555B009B5938 /* PBXContainerItemProxy */ = {
			isa = PBXContainerItemProxy;
			containerPortal = 0B68F2462B59301000C5E3F8 /* Project object */;
			proxyType = 1;
			remoteGlobalIDString = 0B68F24E2B59301000C5E3F8;
			remoteInfo = EssentialDeveloper;
		};
		0BB43E312B6BA31800973C6F /* PBXContainerItemProxy */ = {
			isa = PBXContainerItemProxy;
			containerPortal = 0B68F2462B59301000C5E3F8 /* Project object */;
			proxyType = 1;
			remoteGlobalIDString = 0BB43E272B6BA31800973C6F;
			remoteInfo = EssentialDeveloperiOS;
		};
		0BB43E442B6BB97F00973C6F /* PBXContainerItemProxy */ = {
			isa = PBXContainerItemProxy;
			containerPortal = 0B68F2462B59301000C5E3F8 /* Project object */;
			proxyType = 1;
			remoteGlobalIDString = 0B68F24E2B59301000C5E3F8;
			remoteInfo = EssentialDeveloper;
		};
/* End PBXContainerItemProxy section */

/* Begin PBXCopyFilesBuildPhase section */
		0BB43E462B6BB97F00973C6F /* Embed Frameworks */ = {
			isa = PBXCopyFilesBuildPhase;
			buildActionMask = 2147483647;
			dstPath = "";
			dstSubfolderSpec = 10;
			files = (
				0BB43E432B6BB97F00973C6F /* EssentialDeveloper.framework in Embed Frameworks */,
			);
			name = "Embed Frameworks";
			runOnlyForDeploymentPostprocessing = 0;
		};
/* End PBXCopyFilesBuildPhase section */

/* Begin PBXFileReference section */
		0B68F24F2B59301000C5E3F8 /* EssentialDeveloper.framework */ = {isa = PBXFileReference; explicitFileType = wrapper.framework; includeInIndex = 0; path = EssentialDeveloper.framework; sourceTree = BUILT_PRODUCTS_DIR; };
		0B68F2522B59301000C5E3F8 /* EssentialDeveloper.h */ = {isa = PBXFileReference; lastKnownFileType = sourcecode.c.h; path = EssentialDeveloper.h; sourceTree = "<group>"; };
		0B68F2572B59301000C5E3F8 /* EssentialDeveloperTests.xctest */ = {isa = PBXFileReference; explicitFileType = wrapper.cfbundle; includeInIndex = 0; path = EssentialDeveloperTests.xctest; sourceTree = BUILT_PRODUCTS_DIR; };
		0B68F2682B59306000C5E3F8 /* RemoteFeedLoaderTests.swift */ = {isa = PBXFileReference; lastKnownFileType = sourcecode.swift; path = RemoteFeedLoaderTests.swift; sourceTree = "<group>"; };
		0B68F26B2B59308200C5E3F8 /* RemoteFeedLoader.swift */ = {isa = PBXFileReference; lastKnownFileType = sourcecode.swift; path = RemoteFeedLoader.swift; sourceTree = "<group>"; };
		0B68F2792B5930E600C5E3F8 /* XCTestCase+MemoryLeakTrackingHelper.swift */ = {isa = PBXFileReference; lastKnownFileType = sourcecode.swift; path = "XCTestCase+MemoryLeakTrackingHelper.swift"; sourceTree = "<group>"; };
		0B68F27B2B59311600C5E3F8 /* URLSesionHTTPClientTests.swift */ = {isa = PBXFileReference; lastKnownFileType = sourcecode.swift; path = URLSesionHTTPClientTests.swift; sourceTree = "<group>"; };
		0B68F27E2B59313F00C5E3F8 /* EssentialFeedAPIEndToEndTests.swift */ = {isa = PBXFileReference; lastKnownFileType = sourcecode.swift; path = EssentialFeedAPIEndToEndTests.swift; sourceTree = "<group>"; };
		0B68F2822B59328B00C5E3F8 /* EssentialDeveloper.xctestplan */ = {isa = PBXFileReference; lastKnownFileType = text; path = EssentialDeveloper.xctestplan; sourceTree = "<group>"; };
		0B68F2872B59338B00C5E3F8 /* EssentialDeveloperAPIEndToEndTEsts.xctest */ = {isa = PBXFileReference; explicitFileType = wrapper.cfbundle; includeInIndex = 0; path = EssentialDeveloperAPIEndToEndTEsts.xctest; sourceTree = BUILT_PRODUCTS_DIR; };
		0B68F2932B59348000C5E3F8 /* CI.xctestplan */ = {isa = PBXFileReference; lastKnownFileType = text; path = CI.xctestplan; sourceTree = "<group>"; };
		0B737AFD2B5935EA00864E29 /* FeedLoader.swift */ = {isa = PBXFileReference; lastKnownFileType = sourcecode.swift; path = FeedLoader.swift; sourceTree = "<group>"; };
		0B737AFF2B59360400864E29 /* FeedImage.swift */ = {isa = PBXFileReference; lastKnownFileType = sourcecode.swift; path = FeedImage.swift; sourceTree = "<group>"; };
		0B737B012B59364800864E29 /* FeedItemsMapper.swift */ = {isa = PBXFileReference; lastKnownFileType = sourcecode.swift; path = FeedItemsMapper.swift; sourceTree = "<group>"; };
		0B737B032B59366600864E29 /* HTTPClient.swift */ = {isa = PBXFileReference; lastKnownFileType = sourcecode.swift; path = HTTPClient.swift; sourceTree = "<group>"; };
		0B737B052B59367E00864E29 /* URLSessionHTTPClient.swift */ = {isa = PBXFileReference; lastKnownFileType = sourcecode.swift; path = URLSessionHTTPClient.swift; sourceTree = "<group>"; };
		0B7DF72A2B5E95BE00CB8787 /* RemoteFeedItem.swift */ = {isa = PBXFileReference; lastKnownFileType = sourcecode.swift; path = RemoteFeedItem.swift; sourceTree = "<group>"; };
		0B7DF72C2B5E95F600CB8787 /* LocalFeedImage.swift */ = {isa = PBXFileReference; lastKnownFileType = sourcecode.swift; path = LocalFeedImage.swift; sourceTree = "<group>"; };
		0B7DF72E2B5EC1D900CB8787 /* LoadFeedFromCacheTests.swift */ = {isa = PBXFileReference; lastKnownFileType = sourcecode.swift; path = LoadFeedFromCacheTests.swift; sourceTree = "<group>"; };
		0B7DF7302B5EC23B00CB8787 /* FeedStoreSpy.swift */ = {isa = PBXFileReference; lastKnownFileType = sourcecode.swift; path = FeedStoreSpy.swift; sourceTree = "<group>"; };
		0B93D8BF2B654DBE009B5938 /* ManagedFeedImage.swift */ = {isa = PBXFileReference; lastKnownFileType = sourcecode.swift; path = ManagedFeedImage.swift; sourceTree = "<group>"; };
		0B93D8C12B654DDD009B5938 /* ManagedCache.swift */ = {isa = PBXFileReference; lastKnownFileType = sourcecode.swift; path = ManagedCache.swift; sourceTree = "<group>"; };
		0B93D8C32B654E2F009B5938 /* CoreDataFeedStore.swift */ = {isa = PBXFileReference; lastKnownFileType = sourcecode.swift; path = CoreDataFeedStore.swift; sourceTree = "<group>"; };
		0B93D8C72B654F38009B5938 /* CoreDataHelpers.swift */ = {isa = PBXFileReference; lastKnownFileType = sourcecode.swift; path = CoreDataHelpers.swift; sourceTree = "<group>"; };
		0B93D8CD2B65555B009B5938 /* EssentialDeveloperCacheIntegrationTests.xctest */ = {isa = PBXFileReference; explicitFileType = wrapper.cfbundle; includeInIndex = 0; path = EssentialDeveloperCacheIntegrationTests.xctest; sourceTree = BUILT_PRODUCTS_DIR; };
		0B93D8CF2B65555B009B5938 /* EssentialDeveloperCacheIntegrationTests.swift */ = {isa = PBXFileReference; lastKnownFileType = sourcecode.swift; path = EssentialDeveloperCacheIntegrationTests.swift; sourceTree = "<group>"; };
		0B93D8D72B65557B009B5938 /* EssentialDeveloperCacheIntegrationTests.xctestplan */ = {isa = PBXFileReference; lastKnownFileType = text; path = EssentialDeveloperCacheIntegrationTests.xctestplan; sourceTree = "<group>"; };
		0B93D8E32B67C7C4009B5938 /* NSManagedObjectContext+Stub.swift */ = {isa = PBXFileReference; lastKnownFileType = sourcecode.swift; path = "NSManagedObjectContext+Stub.swift"; sourceTree = "<group>"; };
		0B99940D2B60049400FCF210 /* ValidateFeedCacheUseCaseTests.swift */ = {isa = PBXFileReference; lastKnownFileType = sourcecode.swift; path = ValidateFeedCacheUseCaseTests.swift; sourceTree = "<group>"; };
		0B99940F2B60076A00FCF210 /* FeedCacheTestHelpers.swift */ = {isa = PBXFileReference; lastKnownFileType = sourcecode.swift; path = FeedCacheTestHelpers.swift; sourceTree = "<group>"; };
		0B9994112B60081000FCF210 /* SharedTestsHelpers.swift */ = {isa = PBXFileReference; lastKnownFileType = sourcecode.swift; path = SharedTestsHelpers.swift; sourceTree = "<group>"; };
		0B9994132B601C7D00FCF210 /* FeedCachePolicy.swift */ = {isa = PBXFileReference; lastKnownFileType = sourcecode.swift; path = FeedCachePolicy.swift; sourceTree = "<group>"; };
		0B9994192B63BDB600FCF210 /* FeedStoreSpecs.swift */ = {isa = PBXFileReference; lastKnownFileType = sourcecode.swift; path = FeedStoreSpecs.swift; sourceTree = "<group>"; };
		0B99941B2B63BE7400FCF210 /* XCTestCase+FeedStoreSpecs.swift */ = {isa = PBXFileReference; lastKnownFileType = sourcecode.swift; path = "XCTestCase+FeedStoreSpecs.swift"; sourceTree = "<group>"; };
		0B99941E2B63C4BE00FCF210 /* XCTestCase+FailableRetrieveFeedStoreSpecs.swift */ = {isa = PBXFileReference; lastKnownFileType = sourcecode.swift; path = "XCTestCase+FailableRetrieveFeedStoreSpecs.swift"; sourceTree = "<group>"; };
		0B9994202B63C57B00FCF210 /* XCTestCase+FailableInsertFeedStoreSpecs.swift */ = {isa = PBXFileReference; lastKnownFileType = sourcecode.swift; path = "XCTestCase+FailableInsertFeedStoreSpecs.swift"; sourceTree = "<group>"; };
		0B9994222B63C60600FCF210 /* XCTestCase+FailableDeleteFeedStoreSpecs.swift */ = {isa = PBXFileReference; lastKnownFileType = sourcecode.swift; path = "XCTestCase+FailableDeleteFeedStoreSpecs.swift"; sourceTree = "<group>"; };
		0B9994242B63C99E00FCF210 /* CoreDataFeedStoreTests.swift */ = {isa = PBXFileReference; lastKnownFileType = sourcecode.swift; path = CoreDataFeedStoreTests.swift; sourceTree = "<group>"; };
		0B9994272B63CBAF00FCF210 /* EssentialDeveloper.xcdatamodel */ = {isa = PBXFileReference; lastKnownFileType = wrapper.xcdatamodel; path = EssentialDeveloper.xcdatamodel; sourceTree = "<group>"; };
		0B99F0FD2B5C1A4E00730405 /* CacheFeedUseCaseTests.swift */ = {isa = PBXFileReference; lastKnownFileType = sourcecode.swift; path = CacheFeedUseCaseTests.swift; sourceTree = "<group>"; };
		0B99F1002B5E7A2600730405 /* LocalFeedLoader.swift */ = {isa = PBXFileReference; lastKnownFileType = sourcecode.swift; path = LocalFeedLoader.swift; sourceTree = "<group>"; };
		0B99F1022B5E7A5800730405 /* FeedStore.swift */ = {isa = PBXFileReference; lastKnownFileType = sourcecode.swift; path = FeedStore.swift; sourceTree = "<group>"; };
		0BB43DF52B67CEFF00973C6F /* NSManagedObjectContext+Helper.swift */ = {isa = PBXFileReference; lastKnownFileType = sourcecode.swift; path = "NSManagedObjectContext+Helper.swift"; sourceTree = "<group>"; };
		0BB43DF72B67D06900973C6F /* NSEntityDescription+Assertions.swift */ = {isa = PBXFileReference; lastKnownFileType = sourcecode.swift; path = "NSEntityDescription+Assertions.swift"; sourceTree = "<group>"; };
		0BB43DF92B67D39C00973C6F /* XCTestCase+FeedStoreHelpers.swift */ = {isa = PBXFileReference; lastKnownFileType = sourcecode.swift; path = "XCTestCase+FeedStoreHelpers.swift"; sourceTree = "<group>"; };
		0BB43E222B6BA16A00973C6F /* EssentialDeveloperAPIEndToEndTEsts.xctestplan */ = {isa = PBXFileReference; lastKnownFileType = text; path = EssentialDeveloperAPIEndToEndTEsts.xctestplan; sourceTree = "<group>"; };
		0BB43E282B6BA31800973C6F /* EssentialDeveloperiOS.framework */ = {isa = PBXFileReference; explicitFileType = wrapper.framework; includeInIndex = 0; path = EssentialDeveloperiOS.framework; sourceTree = BUILT_PRODUCTS_DIR; };
		0BB43E2F2B6BA31800973C6F /* EssentialDeveloperiOSTests.xctest */ = {isa = PBXFileReference; explicitFileType = wrapper.cfbundle; includeInIndex = 0; path = EssentialDeveloperiOSTests.xctest; sourceTree = BUILT_PRODUCTS_DIR; };
		0BB43E3D2B6BA35800973C6F /* EssentialDeveloperiOS.xctestplan */ = {isa = PBXFileReference; lastKnownFileType = text; path = EssentialDeveloperiOS.xctestplan; sourceTree = "<group>"; };
		0BB43E3E2B6BA48E00973C6F /* CI_iOS.xctestplan */ = {isa = PBXFileReference; lastKnownFileType = text; path = CI_iOS.xctestplan; sourceTree = "<group>"; };
		0BB43E3F2B6BB5CC00973C6F /* FeedViewControllerTests.swift */ = {isa = PBXFileReference; lastKnownFileType = sourcecode.swift; path = FeedViewControllerTests.swift; sourceTree = "<group>"; };
		0BB43E482B6BCBDD00973C6F /* FeedViewController.swift */ = {isa = PBXFileReference; lastKnownFileType = sourcecode.swift; path = FeedViewController.swift; sourceTree = "<group>"; };
		0BB43E4A2B6D115700973C6F /* FeedImageCell.swift */ = {isa = PBXFileReference; lastKnownFileType = sourcecode.swift; path = FeedImageCell.swift; sourceTree = "<group>"; };
		0BB43E4C2B6D344400973C6F /* UIView+Shimmering.swift */ = {isa = PBXFileReference; lastKnownFileType = sourcecode.swift; path = "UIView+Shimmering.swift"; sourceTree = "<group>"; };
/* End PBXFileReference section */

/* Begin PBXFrameworksBuildPhase section */
		0B68F24C2B59301000C5E3F8 /* Frameworks */ = {
			isa = PBXFrameworksBuildPhase;
			buildActionMask = 2147483647;
			files = (
			);
			runOnlyForDeploymentPostprocessing = 0;
		};
		0B68F2542B59301000C5E3F8 /* Frameworks */ = {
			isa = PBXFrameworksBuildPhase;
			buildActionMask = 2147483647;
			files = (
				0B68F2582B59301000C5E3F8 /* EssentialDeveloper.framework in Frameworks */,
			);
			runOnlyForDeploymentPostprocessing = 0;
		};
		0B68F2842B59338B00C5E3F8 /* Frameworks */ = {
			isa = PBXFrameworksBuildPhase;
			buildActionMask = 2147483647;
			files = (
				0B68F28B2B59338B00C5E3F8 /* EssentialDeveloper.framework in Frameworks */,
			);
			runOnlyForDeploymentPostprocessing = 0;
		};
		0B93D8CA2B65555B009B5938 /* Frameworks */ = {
			isa = PBXFrameworksBuildPhase;
			buildActionMask = 2147483647;
			files = (
				0B93D8D12B65555B009B5938 /* EssentialDeveloper.framework in Frameworks */,
			);
			runOnlyForDeploymentPostprocessing = 0;
		};
		0BB43E252B6BA31800973C6F /* Frameworks */ = {
			isa = PBXFrameworksBuildPhase;
			buildActionMask = 2147483647;
			files = (
				0BB43E422B6BB97F00973C6F /* EssentialDeveloper.framework in Frameworks */,
			);
			runOnlyForDeploymentPostprocessing = 0;
		};
		0BB43E2C2B6BA31800973C6F /* Frameworks */ = {
			isa = PBXFrameworksBuildPhase;
			buildActionMask = 2147483647;
			files = (
				0BB43E302B6BA31800973C6F /* EssentialDeveloperiOS.framework in Frameworks */,
			);
			runOnlyForDeploymentPostprocessing = 0;
		};
/* End PBXFrameworksBuildPhase section */

/* Begin PBXGroup section */
		0B68F2452B59301000C5E3F8 = {
			isa = PBXGroup;
			children = (
				0BB43E3E2B6BA48E00973C6F /* CI_iOS.xctestplan */,
				0BB43E3D2B6BA35800973C6F /* EssentialDeveloperiOS.xctestplan */,
				0BB43E222B6BA16A00973C6F /* EssentialDeveloperAPIEndToEndTEsts.xctestplan */,
				0B93D8D72B65557B009B5938 /* EssentialDeveloperCacheIntegrationTests.xctestplan */,
				0B68F2932B59348000C5E3F8 /* CI.xctestplan */,
				0B68F2512B59301000C5E3F8 /* EssentialDeveloper */,
				0B68F25B2B59301000C5E3F8 /* EssentialDeveloperTests */,
				0B68F2882B59338B00C5E3F8 /* EssentialDeveloperAPIEndToEndTEsts */,
				0B93D8CE2B65555B009B5938 /* EssentialDeveloperCacheIntegrationTests */,
				0BB43E292B6BA31800973C6F /* EssentialDeveloperiOS */,
				0BB43E332B6BA31800973C6F /* EssentialDeveloperiOSTests */,
				0B68F2502B59301000C5E3F8 /* Products */,
				0BB43E412B6BB97F00973C6F /* Frameworks */,
			);
			sourceTree = "<group>";
		};
		0B68F2502B59301000C5E3F8 /* Products */ = {
			isa = PBXGroup;
			children = (
				0B68F24F2B59301000C5E3F8 /* EssentialDeveloper.framework */,
				0B68F2572B59301000C5E3F8 /* EssentialDeveloperTests.xctest */,
				0B68F2872B59338B00C5E3F8 /* EssentialDeveloperAPIEndToEndTEsts.xctest */,
				0B93D8CD2B65555B009B5938 /* EssentialDeveloperCacheIntegrationTests.xctest */,
				0BB43E282B6BA31800973C6F /* EssentialDeveloperiOS.framework */,
				0BB43E2F2B6BA31800973C6F /* EssentialDeveloperiOSTests.xctest */,
			);
			name = Products;
			sourceTree = "<group>";
		};
		0B68F2512B59301000C5E3F8 /* EssentialDeveloper */ = {
			isa = PBXGroup;
			children = (
				0B99F0FF2B5E7A1700730405 /* Feed Cache */,
				0B68F2732B5930AD00C5E3F8 /* Feed Feature */,
				0B68F26A2B59307000C5E3F8 /* Feed API */,
				0B68F2522B59301000C5E3F8 /* EssentialDeveloper.h */,
			);
			path = EssentialDeveloper;
			sourceTree = "<group>";
		};
		0B68F25B2B59301000C5E3F8 /* EssentialDeveloperTests */ = {
			isa = PBXGroup;
			children = (
				0B68F2782B5930D800C5E3F8 /* Helpers */,
				0B99F0FC2B5C1A3000730405 /* Feed Cache */,
				0B68F2822B59328B00C5E3F8 /* EssentialDeveloper.xctestplan */,
				0B68F2672B59304D00C5E3F8 /* FeedAPI */,
			);
			path = EssentialDeveloperTests;
			sourceTree = "<group>";
		};
		0B68F2672B59304D00C5E3F8 /* FeedAPI */ = {
			isa = PBXGroup;
			children = (
				0B68F2682B59306000C5E3F8 /* RemoteFeedLoaderTests.swift */,
				0B68F27B2B59311600C5E3F8 /* URLSesionHTTPClientTests.swift */,
			);
			path = FeedAPI;
			sourceTree = "<group>";
		};
		0B68F26A2B59307000C5E3F8 /* Feed API */ = {
			isa = PBXGroup;
			children = (
				0B68F26B2B59308200C5E3F8 /* RemoteFeedLoader.swift */,
				0B737B012B59364800864E29 /* FeedItemsMapper.swift */,
				0B737B032B59366600864E29 /* HTTPClient.swift */,
				0B737B052B59367E00864E29 /* URLSessionHTTPClient.swift */,
				0B7DF72A2B5E95BE00CB8787 /* RemoteFeedItem.swift */,
			);
			path = "Feed API";
			sourceTree = "<group>";
		};
		0B68F2732B5930AD00C5E3F8 /* Feed Feature */ = {
			isa = PBXGroup;
			children = (
				0B737AFD2B5935EA00864E29 /* FeedLoader.swift */,
				0B737AFF2B59360400864E29 /* FeedImage.swift */,
			);
			path = "Feed Feature";
			sourceTree = "<group>";
		};
		0B68F2782B5930D800C5E3F8 /* Helpers */ = {
			isa = PBXGroup;
			children = (
				0B68F2792B5930E600C5E3F8 /* XCTestCase+MemoryLeakTrackingHelper.swift */,
				0B9994112B60081000FCF210 /* SharedTestsHelpers.swift */,
			);
			path = Helpers;
			sourceTree = "<group>";
		};
		0B68F2882B59338B00C5E3F8 /* EssentialDeveloperAPIEndToEndTEsts */ = {
			isa = PBXGroup;
			children = (
				0B68F27E2B59313F00C5E3F8 /* EssentialFeedAPIEndToEndTests.swift */,
			);
			path = EssentialDeveloperAPIEndToEndTEsts;
			sourceTree = "<group>";
		};
		0B7DF7322B5EC2EC00CB8787 /* Helpers */ = {
			isa = PBXGroup;
			children = (
				0B7DF7302B5EC23B00CB8787 /* FeedStoreSpy.swift */,
				0B99940F2B60076A00FCF210 /* FeedCacheTestHelpers.swift */,
			);
			path = Helpers;
			sourceTree = "<group>";
		};
		0B93D8BD2B654D9A009B5938 /* CoreData */ = {
			isa = PBXGroup;
			children = (
				0B93D8BE2B654DAF009B5938 /* Models */,
				0B9994262B63CBAF00FCF210 /* FeedStore.xcdatamodeld */,
				0B93D8C32B654E2F009B5938 /* CoreDataFeedStore.swift */,
				0B93D8C72B654F38009B5938 /* CoreDataHelpers.swift */,
			);
			path = CoreData;
			sourceTree = "<group>";
		};
		0B93D8BE2B654DAF009B5938 /* Models */ = {
			isa = PBXGroup;
			children = (
				0B93D8BF2B654DBE009B5938 /* ManagedFeedImage.swift */,
				0B93D8C12B654DDD009B5938 /* ManagedCache.swift */,
			);
			path = Models;
			sourceTree = "<group>";
		};
		0B93D8CE2B65555B009B5938 /* EssentialDeveloperCacheIntegrationTests */ = {
			isa = PBXGroup;
			children = (
				0B93D8CF2B65555B009B5938 /* EssentialDeveloperCacheIntegrationTests.swift */,
			);
			path = EssentialDeveloperCacheIntegrationTests;
			sourceTree = "<group>";
		};
		0B93D8E22B67C7B4009B5938 /* CoreData */ = {
			isa = PBXGroup;
			children = (
				0B93D8E32B67C7C4009B5938 /* NSManagedObjectContext+Stub.swift */,
				0BB43DF52B67CEFF00973C6F /* NSManagedObjectContext+Helper.swift */,
				0BB43DF72B67D06900973C6F /* NSEntityDescription+Assertions.swift */,
			);
			path = CoreData;
			sourceTree = "<group>";
		};
		0B99941D2B63C48C00FCF210 /* FeedStoreSpecs */ = {
			isa = PBXGroup;
			children = (
				0B93D8E22B67C7B4009B5938 /* CoreData */,
				0B9994192B63BDB600FCF210 /* FeedStoreSpecs.swift */,
				0B99941B2B63BE7400FCF210 /* XCTestCase+FeedStoreSpecs.swift */,
				0B99941E2B63C4BE00FCF210 /* XCTestCase+FailableRetrieveFeedStoreSpecs.swift */,
				0B9994202B63C57B00FCF210 /* XCTestCase+FailableInsertFeedStoreSpecs.swift */,
				0B9994222B63C60600FCF210 /* XCTestCase+FailableDeleteFeedStoreSpecs.swift */,
				0BB43DF92B67D39C00973C6F /* XCTestCase+FeedStoreHelpers.swift */,
			);
			path = FeedStoreSpecs;
			sourceTree = "<group>";
		};
		0B99F0FC2B5C1A3000730405 /* Feed Cache */ = {
			isa = PBXGroup;
			children = (
				0B99941D2B63C48C00FCF210 /* FeedStoreSpecs */,
				0B7DF7322B5EC2EC00CB8787 /* Helpers */,
				0B99F0FD2B5C1A4E00730405 /* CacheFeedUseCaseTests.swift */,
				0B7DF72E2B5EC1D900CB8787 /* LoadFeedFromCacheTests.swift */,
				0B99940D2B60049400FCF210 /* ValidateFeedCacheUseCaseTests.swift */,
				0B9994242B63C99E00FCF210 /* CoreDataFeedStoreTests.swift */,
			);
			path = "Feed Cache";
			sourceTree = "<group>";
		};
		0B99F0FF2B5E7A1700730405 /* Feed Cache */ = {
			isa = PBXGroup;
			children = (
				0B93D8BD2B654D9A009B5938 /* CoreData */,
				0B99F1002B5E7A2600730405 /* LocalFeedLoader.swift */,
				0B99F1022B5E7A5800730405 /* FeedStore.swift */,
				0B7DF72C2B5E95F600CB8787 /* LocalFeedImage.swift */,
				0B9994132B601C7D00FCF210 /* FeedCachePolicy.swift */,
			);
			path = "Feed Cache";
			sourceTree = "<group>";
		};
		0BB43E292B6BA31800973C6F /* EssentialDeveloperiOS */ = {
			isa = PBXGroup;
			children = (
				0BB43E482B6BCBDD00973C6F /* FeedViewController.swift */,
				0BB43E4A2B6D115700973C6F /* FeedImageCell.swift */,
				0BB43E4C2B6D344400973C6F /* UIView+Shimmering.swift */,
			);
			path = EssentialDeveloperiOS;
			sourceTree = "<group>";
		};
		0BB43E332B6BA31800973C6F /* EssentialDeveloperiOSTests */ = {
			isa = PBXGroup;
			children = (
				0BB43E3F2B6BB5CC00973C6F /* FeedViewControllerTests.swift */,
			);
			path = EssentialDeveloperiOSTests;
			sourceTree = "<group>";
		};
		0BB43E412B6BB97F00973C6F /* Frameworks */ = {
			isa = PBXGroup;
			children = (
			);
			name = Frameworks;
			sourceTree = "<group>";
		};
/* End PBXGroup section */

/* Begin PBXHeadersBuildPhase section */
		0B68F24A2B59301000C5E3F8 /* Headers */ = {
			isa = PBXHeadersBuildPhase;
			buildActionMask = 2147483647;
			files = (
				0B68F25E2B59301000C5E3F8 /* EssentialDeveloper.h in Headers */,
			);
			runOnlyForDeploymentPostprocessing = 0;
		};
		0BB43E232B6BA31800973C6F /* Headers */ = {
			isa = PBXHeadersBuildPhase;
			buildActionMask = 2147483647;
			files = (
			);
			runOnlyForDeploymentPostprocessing = 0;
		};
/* End PBXHeadersBuildPhase section */

/* Begin PBXNativeTarget section */
		0B68F24E2B59301000C5E3F8 /* EssentialDeveloper */ = {
			isa = PBXNativeTarget;
			buildConfigurationList = 0B68F2612B59301000C5E3F8 /* Build configuration list for PBXNativeTarget "EssentialDeveloper" */;
			buildPhases = (
				0B68F24A2B59301000C5E3F8 /* Headers */,
				0B68F24B2B59301000C5E3F8 /* Sources */,
				0B68F24C2B59301000C5E3F8 /* Frameworks */,
				0B68F24D2B59301000C5E3F8 /* Resources */,
			);
			buildRules = (
			);
			dependencies = (
			);
			name = EssentialDeveloper;
			productName = EssentialDeveloper;
			productReference = 0B68F24F2B59301000C5E3F8 /* EssentialDeveloper.framework */;
			productType = "com.apple.product-type.framework";
		};
		0B68F2562B59301000C5E3F8 /* EssentialDeveloperTests */ = {
			isa = PBXNativeTarget;
			buildConfigurationList = 0B68F2642B59301000C5E3F8 /* Build configuration list for PBXNativeTarget "EssentialDeveloperTests" */;
			buildPhases = (
				0B68F2532B59301000C5E3F8 /* Sources */,
				0B68F2542B59301000C5E3F8 /* Frameworks */,
				0B68F2552B59301000C5E3F8 /* Resources */,
			);
			buildRules = (
			);
			dependencies = (
				0B68F25A2B59301000C5E3F8 /* PBXTargetDependency */,
			);
			name = EssentialDeveloperTests;
			productName = EssentialDeveloperTests;
			productReference = 0B68F2572B59301000C5E3F8 /* EssentialDeveloperTests.xctest */;
			productType = "com.apple.product-type.bundle.unit-test";
		};
		0B68F2862B59338B00C5E3F8 /* EssentialDeveloperAPIEndToEndTEsts */ = {
			isa = PBXNativeTarget;
			buildConfigurationList = 0B68F28E2B59338B00C5E3F8 /* Build configuration list for PBXNativeTarget "EssentialDeveloperAPIEndToEndTEsts" */;
			buildPhases = (
				0B68F2832B59338B00C5E3F8 /* Sources */,
				0B68F2842B59338B00C5E3F8 /* Frameworks */,
				0B68F2852B59338B00C5E3F8 /* Resources */,
			);
			buildRules = (
			);
			dependencies = (
				0B68F28D2B59338B00C5E3F8 /* PBXTargetDependency */,
			);
			name = EssentialDeveloperAPIEndToEndTEsts;
			productName = EssentialDeveloperAPIEndToEndTEsts;
			productReference = 0B68F2872B59338B00C5E3F8 /* EssentialDeveloperAPIEndToEndTEsts.xctest */;
			productType = "com.apple.product-type.bundle.unit-test";
		};
		0B93D8CC2B65555B009B5938 /* EssentialDeveloperCacheIntegrationTests */ = {
			isa = PBXNativeTarget;
			buildConfigurationList = 0B93D8D42B65555B009B5938 /* Build configuration list for PBXNativeTarget "EssentialDeveloperCacheIntegrationTests" */;
			buildPhases = (
				0B93D8C92B65555B009B5938 /* Sources */,
				0B93D8CA2B65555B009B5938 /* Frameworks */,
				0B93D8CB2B65555B009B5938 /* Resources */,
			);
			buildRules = (
			);
			dependencies = (
				0B93D8D32B65555B009B5938 /* PBXTargetDependency */,
			);
			name = EssentialDeveloperCacheIntegrationTests;
			productName = EssentialDeveloperCacheIntegrationTests;
			productReference = 0B93D8CD2B65555B009B5938 /* EssentialDeveloperCacheIntegrationTests.xctest */;
			productType = "com.apple.product-type.bundle.unit-test";
		};
		0BB43E272B6BA31800973C6F /* EssentialDeveloperiOS */ = {
			isa = PBXNativeTarget;
			buildConfigurationList = 0BB43E372B6BA31800973C6F /* Build configuration list for PBXNativeTarget "EssentialDeveloperiOS" */;
			buildPhases = (
				0BB43E232B6BA31800973C6F /* Headers */,
				0BB43E242B6BA31800973C6F /* Sources */,
				0BB43E252B6BA31800973C6F /* Frameworks */,
				0BB43E262B6BA31800973C6F /* Resources */,
				0BB43E462B6BB97F00973C6F /* Embed Frameworks */,
			);
			buildRules = (
			);
			dependencies = (
				0BB43E452B6BB97F00973C6F /* PBXTargetDependency */,
			);
			name = EssentialDeveloperiOS;
			productName = EssentialDeveloperiOS;
			productReference = 0BB43E282B6BA31800973C6F /* EssentialDeveloperiOS.framework */;
			productType = "com.apple.product-type.framework";
		};
		0BB43E2E2B6BA31800973C6F /* EssentialDeveloperiOSTests */ = {
			isa = PBXNativeTarget;
			buildConfigurationList = 0BB43E3A2B6BA31800973C6F /* Build configuration list for PBXNativeTarget "EssentialDeveloperiOSTests" */;
			buildPhases = (
				0BB43E2B2B6BA31800973C6F /* Sources */,
				0BB43E2C2B6BA31800973C6F /* Frameworks */,
				0BB43E2D2B6BA31800973C6F /* Resources */,
			);
			buildRules = (
			);
			dependencies = (
				0BB43E322B6BA31800973C6F /* PBXTargetDependency */,
			);
			name = EssentialDeveloperiOSTests;
			productName = EssentialDeveloperiOSTests;
			productReference = 0BB43E2F2B6BA31800973C6F /* EssentialDeveloperiOSTests.xctest */;
			productType = "com.apple.product-type.bundle.unit-test";
		};
/* End PBXNativeTarget section */

/* Begin PBXProject section */
		0B68F2462B59301000C5E3F8 /* Project object */ = {
			isa = PBXProject;
			attributes = {
				BuildIndependentTargetsInParallel = 1;
				LastSwiftUpdateCheck = 1520;
				LastUpgradeCheck = 1520;
				TargetAttributes = {
					0B68F24E2B59301000C5E3F8 = {
						CreatedOnToolsVersion = 15.2;
						LastSwiftMigration = 1520;
					};
					0B68F2562B59301000C5E3F8 = {
						CreatedOnToolsVersion = 15.2;
					};
					0B68F2862B59338B00C5E3F8 = {
						CreatedOnToolsVersion = 15.2;
					};
					0B93D8CC2B65555B009B5938 = {
						CreatedOnToolsVersion = 15.2;
					};
					0BB43E272B6BA31800973C6F = {
						CreatedOnToolsVersion = 15.2;
						LastSwiftMigration = 1520;
					};
					0BB43E2E2B6BA31800973C6F = {
						CreatedOnToolsVersion = 15.2;
						LastSwiftMigration = 1520;
					};
				};
			};
			buildConfigurationList = 0B68F2492B59301000C5E3F8 /* Build configuration list for PBXProject "EssentialDeveloper" */;
			compatibilityVersion = "Xcode 14.0";
			developmentRegion = en;
			hasScannedForEncodings = 0;
			knownRegions = (
				en,
				Base,
			);
			mainGroup = 0B68F2452B59301000C5E3F8;
			productRefGroup = 0B68F2502B59301000C5E3F8 /* Products */;
			projectDirPath = "";
			projectRoot = "";
			targets = (
				0B68F24E2B59301000C5E3F8 /* EssentialDeveloper */,
				0B68F2562B59301000C5E3F8 /* EssentialDeveloperTests */,
				0B68F2862B59338B00C5E3F8 /* EssentialDeveloperAPIEndToEndTEsts */,
				0B93D8CC2B65555B009B5938 /* EssentialDeveloperCacheIntegrationTests */,
				0BB43E272B6BA31800973C6F /* EssentialDeveloperiOS */,
				0BB43E2E2B6BA31800973C6F /* EssentialDeveloperiOSTests */,
			);
		};
/* End PBXProject section */

/* Begin PBXResourcesBuildPhase section */
		0B68F24D2B59301000C5E3F8 /* Resources */ = {
			isa = PBXResourcesBuildPhase;
			buildActionMask = 2147483647;
			files = (
			);
			runOnlyForDeploymentPostprocessing = 0;
		};
		0B68F2552B59301000C5E3F8 /* Resources */ = {
			isa = PBXResourcesBuildPhase;
			buildActionMask = 2147483647;
			files = (
			);
			runOnlyForDeploymentPostprocessing = 0;
		};
		0B68F2852B59338B00C5E3F8 /* Resources */ = {
			isa = PBXResourcesBuildPhase;
			buildActionMask = 2147483647;
			files = (
			);
			runOnlyForDeploymentPostprocessing = 0;
		};
		0B93D8CB2B65555B009B5938 /* Resources */ = {
			isa = PBXResourcesBuildPhase;
			buildActionMask = 2147483647;
			files = (
			);
			runOnlyForDeploymentPostprocessing = 0;
		};
		0BB43E262B6BA31800973C6F /* Resources */ = {
			isa = PBXResourcesBuildPhase;
			buildActionMask = 2147483647;
			files = (
			);
			runOnlyForDeploymentPostprocessing = 0;
		};
		0BB43E2D2B6BA31800973C6F /* Resources */ = {
			isa = PBXResourcesBuildPhase;
			buildActionMask = 2147483647;
			files = (
			);
			runOnlyForDeploymentPostprocessing = 0;
		};
/* End PBXResourcesBuildPhase section */

/* Begin PBXSourcesBuildPhase section */
		0B68F24B2B59301000C5E3F8 /* Sources */ = {
			isa = PBXSourcesBuildPhase;
			buildActionMask = 2147483647;
			files = (
				0B93D8C42B654E2F009B5938 /* CoreDataFeedStore.swift in Sources */,
				0B68F26C2B59308200C5E3F8 /* RemoteFeedLoader.swift in Sources */,
				0B737B002B59360400864E29 /* FeedImage.swift in Sources */,
				0B93D8C22B654DDD009B5938 /* ManagedCache.swift in Sources */,
				0B93D8C02B654DBE009B5938 /* ManagedFeedImage.swift in Sources */,
				0B7DF72B2B5E95BE00CB8787 /* RemoteFeedItem.swift in Sources */,
				0B9994142B601C7D00FCF210 /* FeedCachePolicy.swift in Sources */,
				0B93D8C82B654F38009B5938 /* CoreDataHelpers.swift in Sources */,
				0B737B042B59366600864E29 /* HTTPClient.swift in Sources */,
				0B7DF72D2B5E95F600CB8787 /* LocalFeedImage.swift in Sources */,
				0B99F1032B5E7A5800730405 /* FeedStore.swift in Sources */,
				0B99F1012B5E7A2600730405 /* LocalFeedLoader.swift in Sources */,
				0B737B022B59364800864E29 /* FeedItemsMapper.swift in Sources */,
				0B737AFE2B5935EA00864E29 /* FeedLoader.swift in Sources */,
				0B737B062B59367E00864E29 /* URLSessionHTTPClient.swift in Sources */,
				0B93D8C52B654EFC009B5938 /* FeedStore.xcdatamodeld in Sources */,
			);
			runOnlyForDeploymentPostprocessing = 0;
		};
		0B68F2532B59301000C5E3F8 /* Sources */ = {
			isa = PBXSourcesBuildPhase;
			buildActionMask = 2147483647;
			files = (
				0B9994102B60076A00FCF210 /* FeedCacheTestHelpers.swift in Sources */,
				0BB43DF82B67D06900973C6F /* NSEntityDescription+Assertions.swift in Sources */,
				0B99940E2B60049500FCF210 /* ValidateFeedCacheUseCaseTests.swift in Sources */,
				0B68F2692B59306000C5E3F8 /* RemoteFeedLoaderTests.swift in Sources */,
				0B93D8E42B67C7C4009B5938 /* NSManagedObjectContext+Stub.swift in Sources */,
				0B9994212B63C57B00FCF210 /* XCTestCase+FailableInsertFeedStoreSpecs.swift in Sources */,
				0BB43DFA2B67D39C00973C6F /* XCTestCase+FeedStoreHelpers.swift in Sources */,
				0B99941C2B63BE7400FCF210 /* XCTestCase+FeedStoreSpecs.swift in Sources */,
				0B9994122B60081000FCF210 /* SharedTestsHelpers.swift in Sources */,
				0B68F27A2B5930E600C5E3F8 /* XCTestCase+MemoryLeakTrackingHelper.swift in Sources */,
				0B7DF7312B5EC23B00CB8787 /* FeedStoreSpy.swift in Sources */,
				0B9994232B63C60600FCF210 /* XCTestCase+FailableDeleteFeedStoreSpecs.swift in Sources */,
				0B99941F2B63C4BE00FCF210 /* XCTestCase+FailableRetrieveFeedStoreSpecs.swift in Sources */,
				0B99F0FE2B5C1A4E00730405 /* CacheFeedUseCaseTests.swift in Sources */,
				0BB43DF62B67CEFF00973C6F /* NSManagedObjectContext+Helper.swift in Sources */,
				0B9994252B63C99E00FCF210 /* CoreDataFeedStoreTests.swift in Sources */,
				0B68F27C2B59311600C5E3F8 /* URLSesionHTTPClientTests.swift in Sources */,
				0B99941A2B63BDB600FCF210 /* FeedStoreSpecs.swift in Sources */,
				0B7DF72F2B5EC1D900CB8787 /* LoadFeedFromCacheTests.swift in Sources */,
			);
			runOnlyForDeploymentPostprocessing = 0;
		};
		0B68F2832B59338B00C5E3F8 /* Sources */ = {
			isa = PBXSourcesBuildPhase;
			buildActionMask = 2147483647;
			files = (
				0B68F2912B59339300C5E3F8 /* EssentialFeedAPIEndToEndTests.swift in Sources */,
				0B68F2922B59339F00C5E3F8 /* XCTestCase+MemoryLeakTrackingHelper.swift in Sources */,
			);
			runOnlyForDeploymentPostprocessing = 0;
		};
		0B93D8C92B65555B009B5938 /* Sources */ = {
			isa = PBXSourcesBuildPhase;
			buildActionMask = 2147483647;
			files = (
				0B93D8DA2B6557DB009B5938 /* SharedTestsHelpers.swift in Sources */,
				0B93D8D02B65555B009B5938 /* EssentialDeveloperCacheIntegrationTests.swift in Sources */,
				0B93D8D92B6557D5009B5938 /* FeedCacheTestHelpers.swift in Sources */,
				0BB43DFB2B67D3D000973C6F /* XCTestCase+FeedStoreHelpers.swift in Sources */,
				0B93D8D82B6556BF009B5938 /* XCTestCase+MemoryLeakTrackingHelper.swift in Sources */,
			);
			runOnlyForDeploymentPostprocessing = 0;
		};
		0BB43E242B6BA31800973C6F /* Sources */ = {
			isa = PBXSourcesBuildPhase;
			buildActionMask = 2147483647;
			files = (
				0BB43E4D2B6D344400973C6F /* UIView+Shimmering.swift in Sources */,
				0BB43E492B6BCBDD00973C6F /* FeedViewController.swift in Sources */,
				0BB43E4B2B6D115700973C6F /* FeedImageCell.swift in Sources */,
			);
			runOnlyForDeploymentPostprocessing = 0;
		};
		0BB43E2B2B6BA31800973C6F /* Sources */ = {
			isa = PBXSourcesBuildPhase;
			buildActionMask = 2147483647;
			files = (
				0BB43E4E2B6D363600973C6F /* SharedTestsHelpers.swift in Sources */,
				0BB43E402B6BB5CC00973C6F /* FeedViewControllerTests.swift in Sources */,
				0BB43E472B6BBA6D00973C6F /* XCTestCase+MemoryLeakTrackingHelper.swift in Sources */,
			);
			runOnlyForDeploymentPostprocessing = 0;
		};
/* End PBXSourcesBuildPhase section */

/* Begin PBXTargetDependency section */
		0B68F25A2B59301000C5E3F8 /* PBXTargetDependency */ = {
			isa = PBXTargetDependency;
			target = 0B68F24E2B59301000C5E3F8 /* EssentialDeveloper */;
			targetProxy = 0B68F2592B59301000C5E3F8 /* PBXContainerItemProxy */;
		};
		0B68F28D2B59338B00C5E3F8 /* PBXTargetDependency */ = {
			isa = PBXTargetDependency;
			target = 0B68F24E2B59301000C5E3F8 /* EssentialDeveloper */;
			targetProxy = 0B68F28C2B59338B00C5E3F8 /* PBXContainerItemProxy */;
		};
		0B93D8D32B65555B009B5938 /* PBXTargetDependency */ = {
			isa = PBXTargetDependency;
			target = 0B68F24E2B59301000C5E3F8 /* EssentialDeveloper */;
			targetProxy = 0B93D8D22B65555B009B5938 /* PBXContainerItemProxy */;
		};
		0BB43E322B6BA31800973C6F /* PBXTargetDependency */ = {
			isa = PBXTargetDependency;
			target = 0BB43E272B6BA31800973C6F /* EssentialDeveloperiOS */;
			targetProxy = 0BB43E312B6BA31800973C6F /* PBXContainerItemProxy */;
		};
		0BB43E452B6BB97F00973C6F /* PBXTargetDependency */ = {
			isa = PBXTargetDependency;
			platformFilters = (
				macos,
			);
			target = 0B68F24E2B59301000C5E3F8 /* EssentialDeveloper */;
			targetProxy = 0BB43E442B6BB97F00973C6F /* PBXContainerItemProxy */;
		};
/* End PBXTargetDependency section */

/* Begin XCBuildConfiguration section */
		0B68F25F2B59301000C5E3F8 /* Debug */ = {
			isa = XCBuildConfiguration;
			buildSettings = {
				ALWAYS_SEARCH_USER_PATHS = NO;
				ASSETCATALOG_COMPILER_GENERATE_SWIFT_ASSET_SYMBOL_EXTENSIONS = YES;
				CLANG_ANALYZER_NONNULL = YES;
				CLANG_ANALYZER_NUMBER_OBJECT_CONVERSION = YES_AGGRESSIVE;
				CLANG_CXX_LANGUAGE_STANDARD = "gnu++20";
				CLANG_ENABLE_MODULES = YES;
				CLANG_ENABLE_OBJC_ARC = YES;
				CLANG_ENABLE_OBJC_WEAK = YES;
				CLANG_WARN_BLOCK_CAPTURE_AUTORELEASING = YES;
				CLANG_WARN_BOOL_CONVERSION = YES;
				CLANG_WARN_COMMA = YES;
				CLANG_WARN_CONSTANT_CONVERSION = YES;
				CLANG_WARN_DEPRECATED_OBJC_IMPLEMENTATIONS = YES;
				CLANG_WARN_DIRECT_OBJC_ISA_USAGE = YES_ERROR;
				CLANG_WARN_DOCUMENTATION_COMMENTS = YES;
				CLANG_WARN_EMPTY_BODY = YES;
				CLANG_WARN_ENUM_CONVERSION = YES;
				CLANG_WARN_INFINITE_RECURSION = YES;
				CLANG_WARN_INT_CONVERSION = YES;
				CLANG_WARN_NON_LITERAL_NULL_CONVERSION = YES;
				CLANG_WARN_OBJC_IMPLICIT_RETAIN_SELF = YES;
				CLANG_WARN_OBJC_LITERAL_CONVERSION = YES;
				CLANG_WARN_OBJC_ROOT_CLASS = YES_ERROR;
				CLANG_WARN_QUOTED_INCLUDE_IN_FRAMEWORK_HEADER = YES;
				CLANG_WARN_RANGE_LOOP_ANALYSIS = YES;
				CLANG_WARN_STRICT_PROTOTYPES = YES;
				CLANG_WARN_SUSPICIOUS_MOVE = YES;
				CLANG_WARN_UNGUARDED_AVAILABILITY = YES_AGGRESSIVE;
				CLANG_WARN_UNREACHABLE_CODE = YES;
				CLANG_WARN__DUPLICATE_METHOD_MATCH = YES;
				COPY_PHASE_STRIP = NO;
				CURRENT_PROJECT_VERSION = 1;
				DEBUG_INFORMATION_FORMAT = dwarf;
				ENABLE_STRICT_OBJC_MSGSEND = YES;
				ENABLE_TESTABILITY = YES;
				ENABLE_USER_SCRIPT_SANDBOXING = YES;
				GCC_C_LANGUAGE_STANDARD = gnu17;
				GCC_DYNAMIC_NO_PIC = NO;
				GCC_NO_COMMON_BLOCKS = YES;
				GCC_OPTIMIZATION_LEVEL = 0;
				GCC_PREPROCESSOR_DEFINITIONS = (
					"DEBUG=1",
					"$(inherited)",
				);
				GCC_WARN_64_TO_32_BIT_CONVERSION = YES;
				GCC_WARN_ABOUT_RETURN_TYPE = YES_ERROR;
				GCC_WARN_UNDECLARED_SELECTOR = YES;
				GCC_WARN_UNINITIALIZED_AUTOS = YES_AGGRESSIVE;
				GCC_WARN_UNUSED_FUNCTION = YES;
				GCC_WARN_UNUSED_VARIABLE = YES;
				LOCALIZATION_PREFERS_STRING_CATALOGS = YES;
				MACOSX_DEPLOYMENT_TARGET = 14.2;
				MTL_ENABLE_DEBUG_INFO = INCLUDE_SOURCE;
				MTL_FAST_MATH = YES;
				ONLY_ACTIVE_ARCH = YES;
				SDKROOT = macosx;
				SUPPORTED_PLATFORMS = "macosx iphonesimulator iphoneos";
				SWIFT_ACTIVE_COMPILATION_CONDITIONS = "DEBUG $(inherited)";
				SWIFT_OPTIMIZATION_LEVEL = "-Onone";
				VERSIONING_SYSTEM = "apple-generic";
				VERSION_INFO_PREFIX = "";
			};
			name = Debug;
		};
		0B68F2602B59301000C5E3F8 /* Release */ = {
			isa = XCBuildConfiguration;
			buildSettings = {
				ALWAYS_SEARCH_USER_PATHS = NO;
				ASSETCATALOG_COMPILER_GENERATE_SWIFT_ASSET_SYMBOL_EXTENSIONS = YES;
				CLANG_ANALYZER_NONNULL = YES;
				CLANG_ANALYZER_NUMBER_OBJECT_CONVERSION = YES_AGGRESSIVE;
				CLANG_CXX_LANGUAGE_STANDARD = "gnu++20";
				CLANG_ENABLE_MODULES = YES;
				CLANG_ENABLE_OBJC_ARC = YES;
				CLANG_ENABLE_OBJC_WEAK = YES;
				CLANG_WARN_BLOCK_CAPTURE_AUTORELEASING = YES;
				CLANG_WARN_BOOL_CONVERSION = YES;
				CLANG_WARN_COMMA = YES;
				CLANG_WARN_CONSTANT_CONVERSION = YES;
				CLANG_WARN_DEPRECATED_OBJC_IMPLEMENTATIONS = YES;
				CLANG_WARN_DIRECT_OBJC_ISA_USAGE = YES_ERROR;
				CLANG_WARN_DOCUMENTATION_COMMENTS = YES;
				CLANG_WARN_EMPTY_BODY = YES;
				CLANG_WARN_ENUM_CONVERSION = YES;
				CLANG_WARN_INFINITE_RECURSION = YES;
				CLANG_WARN_INT_CONVERSION = YES;
				CLANG_WARN_NON_LITERAL_NULL_CONVERSION = YES;
				CLANG_WARN_OBJC_IMPLICIT_RETAIN_SELF = YES;
				CLANG_WARN_OBJC_LITERAL_CONVERSION = YES;
				CLANG_WARN_OBJC_ROOT_CLASS = YES_ERROR;
				CLANG_WARN_QUOTED_INCLUDE_IN_FRAMEWORK_HEADER = YES;
				CLANG_WARN_RANGE_LOOP_ANALYSIS = YES;
				CLANG_WARN_STRICT_PROTOTYPES = YES;
				CLANG_WARN_SUSPICIOUS_MOVE = YES;
				CLANG_WARN_UNGUARDED_AVAILABILITY = YES_AGGRESSIVE;
				CLANG_WARN_UNREACHABLE_CODE = YES;
				CLANG_WARN__DUPLICATE_METHOD_MATCH = YES;
				COPY_PHASE_STRIP = NO;
				CURRENT_PROJECT_VERSION = 1;
				DEBUG_INFORMATION_FORMAT = "dwarf-with-dsym";
				ENABLE_NS_ASSERTIONS = NO;
				ENABLE_STRICT_OBJC_MSGSEND = YES;
				ENABLE_USER_SCRIPT_SANDBOXING = YES;
				GCC_C_LANGUAGE_STANDARD = gnu17;
				GCC_NO_COMMON_BLOCKS = YES;
				GCC_WARN_64_TO_32_BIT_CONVERSION = YES;
				GCC_WARN_ABOUT_RETURN_TYPE = YES_ERROR;
				GCC_WARN_UNDECLARED_SELECTOR = YES;
				GCC_WARN_UNINITIALIZED_AUTOS = YES_AGGRESSIVE;
				GCC_WARN_UNUSED_FUNCTION = YES;
				GCC_WARN_UNUSED_VARIABLE = YES;
				LOCALIZATION_PREFERS_STRING_CATALOGS = YES;
				MACOSX_DEPLOYMENT_TARGET = 14.2;
				MTL_ENABLE_DEBUG_INFO = NO;
				MTL_FAST_MATH = YES;
				SDKROOT = macosx;
				SUPPORTED_PLATFORMS = "macosx iphonesimulator iphoneos";
				SWIFT_COMPILATION_MODE = wholemodule;
				VERSIONING_SYSTEM = "apple-generic";
				VERSION_INFO_PREFIX = "";
			};
			name = Release;
		};
		0B68F2622B59301000C5E3F8 /* Debug */ = {
			isa = XCBuildConfiguration;
			buildSettings = {
				CLANG_ENABLE_MODULES = YES;
				CODE_SIGN_STYLE = Automatic;
				COMBINE_HIDPI_IMAGES = YES;
				CURRENT_PROJECT_VERSION = 1;
				DEFINES_MODULE = YES;
				DEVELOPMENT_TEAM = 34UZ636LAD;
				DYLIB_COMPATIBILITY_VERSION = 1;
				DYLIB_CURRENT_VERSION = 1;
				DYLIB_INSTALL_NAME_BASE = "@rpath";
				ENABLE_MODULE_VERIFIER = YES;
				GENERATE_INFOPLIST_FILE = YES;
				INFOPLIST_KEY_NSHumanReadableCopyright = "";
				INSTALL_PATH = "$(LOCAL_LIBRARY_DIR)/Frameworks";
				LD_RUNPATH_SEARCH_PATHS = (
					"$(inherited)",
					"@executable_path/../Frameworks",
					"@loader_path/Frameworks",
				);
				MACOSX_DEPLOYMENT_TARGET = 12.3;
				MARKETING_VERSION = 1.0;
				MODULE_VERIFIER_SUPPORTED_LANGUAGES = "objective-c objective-c++";
				MODULE_VERIFIER_SUPPORTED_LANGUAGE_STANDARDS = "gnu17 gnu++20";
				PRODUCT_BUNDLE_IDENTIFIER = "Sailor-Saturn.EssentialDeveloper";
				PRODUCT_NAME = "$(TARGET_NAME:c99extidentifier)";
				SKIP_INSTALL = YES;
				SWIFT_EMIT_LOC_STRINGS = YES;
				SWIFT_OPTIMIZATION_LEVEL = "-Onone";
				SWIFT_VERSION = 5.0;
			};
			name = Debug;
		};
		0B68F2632B59301000C5E3F8 /* Release */ = {
			isa = XCBuildConfiguration;
			buildSettings = {
				CLANG_ENABLE_MODULES = YES;
				CODE_SIGN_STYLE = Automatic;
				COMBINE_HIDPI_IMAGES = YES;
				CURRENT_PROJECT_VERSION = 1;
				DEFINES_MODULE = YES;
				DEVELOPMENT_TEAM = 34UZ636LAD;
				DYLIB_COMPATIBILITY_VERSION = 1;
				DYLIB_CURRENT_VERSION = 1;
				DYLIB_INSTALL_NAME_BASE = "@rpath";
				ENABLE_MODULE_VERIFIER = YES;
				GENERATE_INFOPLIST_FILE = YES;
				INFOPLIST_KEY_NSHumanReadableCopyright = "";
				INSTALL_PATH = "$(LOCAL_LIBRARY_DIR)/Frameworks";
				LD_RUNPATH_SEARCH_PATHS = (
					"$(inherited)",
					"@executable_path/../Frameworks",
					"@loader_path/Frameworks",
				);
				MACOSX_DEPLOYMENT_TARGET = 12.3;
				MARKETING_VERSION = 1.0;
				MODULE_VERIFIER_SUPPORTED_LANGUAGES = "objective-c objective-c++";
				MODULE_VERIFIER_SUPPORTED_LANGUAGE_STANDARDS = "gnu17 gnu++20";
				PRODUCT_BUNDLE_IDENTIFIER = "Sailor-Saturn.EssentialDeveloper";
				PRODUCT_NAME = "$(TARGET_NAME:c99extidentifier)";
				SKIP_INSTALL = YES;
				SWIFT_EMIT_LOC_STRINGS = YES;
				SWIFT_VERSION = 5.0;
			};
			name = Release;
		};
		0B68F2652B59301000C5E3F8 /* Debug */ = {
			isa = XCBuildConfiguration;
			buildSettings = {
				ALWAYS_EMBED_SWIFT_STANDARD_LIBRARIES = YES;
				CODE_SIGN_STYLE = Automatic;
				CURRENT_PROJECT_VERSION = 1;
				DEVELOPMENT_TEAM = 34UZ636LAD;
				GENERATE_INFOPLIST_FILE = YES;
				MACOSX_DEPLOYMENT_TARGET = 12.3;
				MARKETING_VERSION = 1.0;
				PRODUCT_BUNDLE_IDENTIFIER = "Sailor-Saturn.EssentialDeveloperTests";
				PRODUCT_NAME = "$(TARGET_NAME)";
				SWIFT_EMIT_LOC_STRINGS = NO;
				SWIFT_VERSION = 5.0;
			};
			name = Debug;
		};
		0B68F2662B59301000C5E3F8 /* Release */ = {
			isa = XCBuildConfiguration;
			buildSettings = {
				ALWAYS_EMBED_SWIFT_STANDARD_LIBRARIES = YES;
				CODE_SIGN_STYLE = Automatic;
				CURRENT_PROJECT_VERSION = 1;
				DEVELOPMENT_TEAM = 34UZ636LAD;
				GENERATE_INFOPLIST_FILE = YES;
				MACOSX_DEPLOYMENT_TARGET = 12.3;
				MARKETING_VERSION = 1.0;
				PRODUCT_BUNDLE_IDENTIFIER = "Sailor-Saturn.EssentialDeveloperTests";
				PRODUCT_NAME = "$(TARGET_NAME)";
				SWIFT_EMIT_LOC_STRINGS = NO;
				SWIFT_VERSION = 5.0;
			};
			name = Release;
		};
		0B68F28F2B59338B00C5E3F8 /* Debug */ = {
			isa = XCBuildConfiguration;
			buildSettings = {
				CODE_SIGN_STYLE = Automatic;
				CURRENT_PROJECT_VERSION = 1;
				DEVELOPMENT_TEAM = 34UZ636LAD;
				GENERATE_INFOPLIST_FILE = YES;
				MACOSX_DEPLOYMENT_TARGET = 12.3;
				MARKETING_VERSION = 1.0;
				PRODUCT_BUNDLE_IDENTIFIER = "Sailor-Saturn.EssentialDeveloperAPIEndToEndTEsts";
				PRODUCT_NAME = "$(TARGET_NAME)";
				SUPPORTED_PLATFORMS = "macosx iphonesimulator iphoneos";
				SWIFT_EMIT_LOC_STRINGS = NO;
				SWIFT_VERSION = 5.0;
			};
			name = Debug;
		};
		0B68F2902B59338B00C5E3F8 /* Release */ = {
			isa = XCBuildConfiguration;
			buildSettings = {
				CODE_SIGN_STYLE = Automatic;
				CURRENT_PROJECT_VERSION = 1;
				DEVELOPMENT_TEAM = 34UZ636LAD;
				GENERATE_INFOPLIST_FILE = YES;
				MACOSX_DEPLOYMENT_TARGET = 12.3;
				MARKETING_VERSION = 1.0;
				PRODUCT_BUNDLE_IDENTIFIER = "Sailor-Saturn.EssentialDeveloperAPIEndToEndTEsts";
				PRODUCT_NAME = "$(TARGET_NAME)";
				SUPPORTED_PLATFORMS = "macosx iphonesimulator iphoneos";
				SWIFT_EMIT_LOC_STRINGS = NO;
				SWIFT_VERSION = 5.0;
			};
			name = Release;
		};
		0B93D8D52B65555B009B5938 /* Debug */ = {
			isa = XCBuildConfiguration;
			buildSettings = {
				CODE_SIGN_STYLE = Automatic;
				CURRENT_PROJECT_VERSION = 1;
				DEVELOPMENT_TEAM = 34UZ636LAD;
				GENERATE_INFOPLIST_FILE = YES;
				MACOSX_DEPLOYMENT_TARGET = 12.3;
				MARKETING_VERSION = 1.0;
				PRODUCT_BUNDLE_IDENTIFIER = "Sailor-Saturn.EssentialDeveloperCacheIntegrationTests";
				PRODUCT_NAME = "$(TARGET_NAME)";
				SUPPORTED_PLATFORMS = "macosx iphoneos iphonesimulator";
				SWIFT_EMIT_LOC_STRINGS = NO;
				SWIFT_VERSION = 5.0;
			};
			name = Debug;
		};
		0B93D8D62B65555B009B5938 /* Release */ = {
			isa = XCBuildConfiguration;
			buildSettings = {
				CODE_SIGN_STYLE = Automatic;
				CURRENT_PROJECT_VERSION = 1;
				DEVELOPMENT_TEAM = 34UZ636LAD;
				GENERATE_INFOPLIST_FILE = YES;
				MACOSX_DEPLOYMENT_TARGET = 12.3;
				MARKETING_VERSION = 1.0;
				PRODUCT_BUNDLE_IDENTIFIER = "Sailor-Saturn.EssentialDeveloperCacheIntegrationTests";
				PRODUCT_NAME = "$(TARGET_NAME)";
				SUPPORTED_PLATFORMS = "macosx iphoneos iphonesimulator";
				SWIFT_EMIT_LOC_STRINGS = NO;
				SWIFT_VERSION = 5.0;
			};
			name = Release;
		};
		0BB43E382B6BA31800973C6F /* Debug */ = {
			isa = XCBuildConfiguration;
			buildSettings = {
				CLANG_ENABLE_MODULES = YES;
				CODE_SIGN_STYLE = Automatic;
				CURRENT_PROJECT_VERSION = 1;
				DEFINES_MODULE = YES;
				DEVELOPMENT_TEAM = 34UZ636LAD;
				DYLIB_COMPATIBILITY_VERSION = 1;
				DYLIB_CURRENT_VERSION = 1;
				DYLIB_INSTALL_NAME_BASE = "@rpath";
				ENABLE_MODULE_VERIFIER = YES;
				GENERATE_INFOPLIST_FILE = YES;
				INFOPLIST_KEY_NSHumanReadableCopyright = "";
				INSTALL_PATH = "$(LOCAL_LIBRARY_DIR)/Frameworks";
				IPHONEOS_DEPLOYMENT_TARGET = 17.2;
				LD_RUNPATH_SEARCH_PATHS = (
					"$(inherited)",
					"@executable_path/Frameworks",
					"@loader_path/Frameworks",
				);
				MARKETING_VERSION = 1.0;
				MODULE_VERIFIER_SUPPORTED_LANGUAGES = "objective-c objective-c++";
				MODULE_VERIFIER_SUPPORTED_LANGUAGE_STANDARDS = "gnu17 gnu++20";
				PRODUCT_BUNDLE_IDENTIFIER = "Sailor-Saturn.EssentialDeveloperiOS";
				PRODUCT_NAME = "$(TARGET_NAME:c99extidentifier)";
				SDKROOT = iphoneos;
				SKIP_INSTALL = YES;
				SWIFT_EMIT_LOC_STRINGS = YES;
				SWIFT_OPTIMIZATION_LEVEL = "-Onone";
				SWIFT_VERSION = 5.0;
				TARGETED_DEVICE_FAMILY = "1,2";
			};
			name = Debug;
		};
		0BB43E392B6BA31800973C6F /* Release */ = {
			isa = XCBuildConfiguration;
			buildSettings = {
				CLANG_ENABLE_MODULES = YES;
				CODE_SIGN_STYLE = Automatic;
				CURRENT_PROJECT_VERSION = 1;
				DEFINES_MODULE = YES;
				DEVELOPMENT_TEAM = 34UZ636LAD;
				DYLIB_COMPATIBILITY_VERSION = 1;
				DYLIB_CURRENT_VERSION = 1;
				DYLIB_INSTALL_NAME_BASE = "@rpath";
				ENABLE_MODULE_VERIFIER = YES;
				GENERATE_INFOPLIST_FILE = YES;
				INFOPLIST_KEY_NSHumanReadableCopyright = "";
				INSTALL_PATH = "$(LOCAL_LIBRARY_DIR)/Frameworks";
				IPHONEOS_DEPLOYMENT_TARGET = 17.2;
				LD_RUNPATH_SEARCH_PATHS = (
					"$(inherited)",
					"@executable_path/Frameworks",
					"@loader_path/Frameworks",
				);
				MARKETING_VERSION = 1.0;
				MODULE_VERIFIER_SUPPORTED_LANGUAGES = "objective-c objective-c++";
				MODULE_VERIFIER_SUPPORTED_LANGUAGE_STANDARDS = "gnu17 gnu++20";
				PRODUCT_BUNDLE_IDENTIFIER = "Sailor-Saturn.EssentialDeveloperiOS";
				PRODUCT_NAME = "$(TARGET_NAME:c99extidentifier)";
				SDKROOT = iphoneos;
				SKIP_INSTALL = YES;
				SWIFT_EMIT_LOC_STRINGS = YES;
				SWIFT_VERSION = 5.0;
				TARGETED_DEVICE_FAMILY = "1,2";
				VALIDATE_PRODUCT = YES;
			};
			name = Release;
		};
		0BB43E3B2B6BA31800973C6F /* Debug */ = {
			isa = XCBuildConfiguration;
			buildSettings = {
				ALWAYS_EMBED_SWIFT_STANDARD_LIBRARIES = YES;
				CLANG_ENABLE_MODULES = YES;
				CODE_SIGN_STYLE = Automatic;
				CURRENT_PROJECT_VERSION = 1;
				DEVELOPMENT_TEAM = 34UZ636LAD;
				GENERATE_INFOPLIST_FILE = YES;
				IPHONEOS_DEPLOYMENT_TARGET = 17.2;
				MARKETING_VERSION = 1.0;
				PRODUCT_BUNDLE_IDENTIFIER = "Sailor-Saturn.EssentialDeveloperiOSTests";
				PRODUCT_NAME = "$(TARGET_NAME)";
				SDKROOT = iphoneos;
				SWIFT_EMIT_LOC_STRINGS = NO;
				SWIFT_OPTIMIZATION_LEVEL = "-Onone";
				SWIFT_VERSION = 5.0;
				TARGETED_DEVICE_FAMILY = "1,2";
			};
			name = Debug;
		};
		0BB43E3C2B6BA31800973C6F /* Release */ = {
			isa = XCBuildConfiguration;
			buildSettings = {
				ALWAYS_EMBED_SWIFT_STANDARD_LIBRARIES = YES;
				CLANG_ENABLE_MODULES = YES;
				CODE_SIGN_STYLE = Automatic;
				CURRENT_PROJECT_VERSION = 1;
				DEVELOPMENT_TEAM = 34UZ636LAD;
				GENERATE_INFOPLIST_FILE = YES;
				IPHONEOS_DEPLOYMENT_TARGET = 17.2;
				MARKETING_VERSION = 1.0;
				PRODUCT_BUNDLE_IDENTIFIER = "Sailor-Saturn.EssentialDeveloperiOSTests";
				PRODUCT_NAME = "$(TARGET_NAME)";
				SDKROOT = iphoneos;
				SWIFT_EMIT_LOC_STRINGS = NO;
				SWIFT_VERSION = 5.0;
				TARGETED_DEVICE_FAMILY = "1,2";
				VALIDATE_PRODUCT = YES;
			};
			name = Release;
		};
/* End XCBuildConfiguration section */

/* Begin XCConfigurationList section */
		0B68F2492B59301000C5E3F8 /* Build configuration list for PBXProject "EssentialDeveloper" */ = {
			isa = XCConfigurationList;
			buildConfigurations = (
				0B68F25F2B59301000C5E3F8 /* Debug */,
				0B68F2602B59301000C5E3F8 /* Release */,
			);
			defaultConfigurationIsVisible = 0;
			defaultConfigurationName = Release;
		};
		0B68F2612B59301000C5E3F8 /* Build configuration list for PBXNativeTarget "EssentialDeveloper" */ = {
			isa = XCConfigurationList;
			buildConfigurations = (
				0B68F2622B59301000C5E3F8 /* Debug */,
				0B68F2632B59301000C5E3F8 /* Release */,
			);
			defaultConfigurationIsVisible = 0;
			defaultConfigurationName = Release;
		};
		0B68F2642B59301000C5E3F8 /* Build configuration list for PBXNativeTarget "EssentialDeveloperTests" */ = {
			isa = XCConfigurationList;
			buildConfigurations = (
				0B68F2652B59301000C5E3F8 /* Debug */,
				0B68F2662B59301000C5E3F8 /* Release */,
			);
			defaultConfigurationIsVisible = 0;
			defaultConfigurationName = Release;
		};
		0B68F28E2B59338B00C5E3F8 /* Build configuration list for PBXNativeTarget "EssentialDeveloperAPIEndToEndTEsts" */ = {
			isa = XCConfigurationList;
			buildConfigurations = (
				0B68F28F2B59338B00C5E3F8 /* Debug */,
				0B68F2902B59338B00C5E3F8 /* Release */,
			);
			defaultConfigurationIsVisible = 0;
			defaultConfigurationName = Release;
		};
		0B93D8D42B65555B009B5938 /* Build configuration list for PBXNativeTarget "EssentialDeveloperCacheIntegrationTests" */ = {
			isa = XCConfigurationList;
			buildConfigurations = (
				0B93D8D52B65555B009B5938 /* Debug */,
				0B93D8D62B65555B009B5938 /* Release */,
			);
			defaultConfigurationIsVisible = 0;
			defaultConfigurationName = Release;
		};
		0BB43E372B6BA31800973C6F /* Build configuration list for PBXNativeTarget "EssentialDeveloperiOS" */ = {
			isa = XCConfigurationList;
			buildConfigurations = (
				0BB43E382B6BA31800973C6F /* Debug */,
				0BB43E392B6BA31800973C6F /* Release */,
			);
			defaultConfigurationIsVisible = 0;
			defaultConfigurationName = Release;
		};
		0BB43E3A2B6BA31800973C6F /* Build configuration list for PBXNativeTarget "EssentialDeveloperiOSTests" */ = {
			isa = XCConfigurationList;
			buildConfigurations = (
				0BB43E3B2B6BA31800973C6F /* Debug */,
				0BB43E3C2B6BA31800973C6F /* Release */,
			);
			defaultConfigurationIsVisible = 0;
			defaultConfigurationName = Release;
		};
/* End XCConfigurationList section */

/* Begin XCVersionGroup section */
		0B9994262B63CBAF00FCF210 /* FeedStore.xcdatamodeld */ = {
			isa = XCVersionGroup;
			children = (
				0B9994272B63CBAF00FCF210 /* EssentialDeveloper.xcdatamodel */,
			);
			currentVersion = 0B9994272B63CBAF00FCF210 /* EssentialDeveloper.xcdatamodel */;
			path = FeedStore.xcdatamodeld;
			sourceTree = "<group>";
			versionGroupType = wrapper.xcdatamodel;
		};
/* End XCVersionGroup section */
	};
	rootObject = 0B68F2462B59301000C5E3F8 /* Project object */;
}
